// !$*UTF8*$!
{
	archiveVersion = 1;
	classes = {
	};
	objectVersion = 46;
	objects = {

/* Begin PBXBuildFile section */
		0338B32735B6527A4987F2B0 /* DesignSystemCatalogView.swift in Sources */ = {isa = PBXBuildFile; fileRef = 92D1807482AB6926E4DA3AFB /* DesignSystemCatalogView.swift */; };
		068629C6861D6D658A53B122 /* ConversationPlaceholderView.swift in Sources */ = {isa = PBXBuildFile; fileRef = A7BC5825D1F38E225F0E3FB6 /* ConversationPlaceholderView.swift */; };
		0C7B4565867628A8A7E73B6E /* Conversation.swift in Sources */ = {isa = PBXBuildFile; fileRef = 5698CE11ECAE96D995835FCD /* Conversation.swift */; };
		12C821102DA87163D75754D4 /* ConversationListViewModel.swift in Sources */ = {isa = PBXBuildFile; fileRef = B94A5909B940AD5D3ADBDB05 /* ConversationListViewModel.swift */; };
		2F5A1E8DC77B696C08789C3F /* AppRoute.swift in Sources */ = {isa = PBXBuildFile; fileRef = E810F31ADEB4011D2EC7D5EF /* AppRoute.swift */; };
		43ACD9B7B96AD843FE8E4420 /* VeyraRadius.swift in Sources */ = {isa = PBXBuildFile; fileRef = 612257922E48B3ACB47078A3 /* VeyraRadius.swift */; };
		4E5BB1BAF90877B31BAE4F22 /* DesignTokenTests.swift in Sources */ = {isa = PBXBuildFile; fileRef = 31A020A334F10D814DB2DC6C /* DesignTokenTests.swift */; };
		5668E2E56D89B2AD327ECC23 /* ConversationListViewModelTests.swift in Sources */ = {isa = PBXBuildFile; fileRef = 6B4C091B2C571B56F0C49F39 /* ConversationListViewModelTests.swift */; };
		60CDAF65F1178A5709B81BE3 /* AppRootView.swift in Sources */ = {isa = PBXBuildFile; fileRef = ED09F370FA57E9D2202E653F /* AppRootView.swift */; };
		6E7B76D4486B46ECED541380 /* ConversationPreviewData.swift in Sources */ = {isa = PBXBuildFile; fileRef = E0EAA93FD7CD9802592B73FA /* ConversationPreviewData.swift */; };
		734597C19877BA0641165DB5 /* ConversationRowView.swift in Sources */ = {isa = PBXBuildFile; fileRef = 082AFEC3EDA6622C035B8FC8 /* ConversationRowView.swift */; };
		753286285FC560C6DE98F2BA /* Foundation.framework in Frameworks */ = {isa = PBXBuildFile; fileRef = 208DF70C250EDFE8C75411CE /* Foundation.framework */; };
		782AB63FFF1CF012CCBE15D9 /* VeyraTextField.swift in Sources */ = {isa = PBXBuildFile; fileRef = ACE1C7EE7B619D59D5529C04 /* VeyraTextField.swift */; };
		7C9F715FB5E1C3D678BC47B9 /* AppMetadata.swift in Sources */ = {isa = PBXBuildFile; fileRef = 7B110D4A85DA09EF80C1A7D2 /* AppMetadata.swift */; };
		880A32328EAACEC3D916197A /* Foundation.framework in Frameworks */ = {isa = PBXBuildFile; fileRef = 208DF70C250EDFE8C75411CE /* Foundation.framework */; };
		95DD681F3B9F64C813E31A9F /* AvatarInitialsTests.swift in Sources */ = {isa = PBXBuildFile; fileRef = 9BF8B6FD286458DDB74C22F1 /* AvatarInitialsTests.swift */; };
		9B311E6D5BCF803CF646E063 /* VeyraPrimaryButton.swift in Sources */ = {isa = PBXBuildFile; fileRef = 0D907300CAB7511CAFB4C0D7 /* VeyraPrimaryButton.swift */; };
		A3F57AB2EFBDC14540CD7DE7 /* VeyraColor.swift in Sources */ = {isa = PBXBuildFile; fileRef = A18C29846BD4E660FFF3319F /* VeyraColor.swift */; };
		AFA0D0231FA487557A3ACFBA /* VeyraApp.swift in Sources */ = {isa = PBXBuildFile; fileRef = 815CF3D51D8A2E92364C8777 /* VeyraApp.swift */; };
		C4F01BA4C1FC96FCE3BC3D1D /* VeyraTypography.swift in Sources */ = {isa = PBXBuildFile; fileRef = 79FC21B9F9899BED11DEF736 /* VeyraTypography.swift */; };
		CEEA022B7E5F677BA3E64917 /* VeyraAvatar.swift in Sources */ = {isa = PBXBuildFile; fileRef = 038CE3E0EAE19CBFD20112BA /* VeyraAvatar.swift */; };
		E03D522D231932CB9A16CA75 /* AppMetadataTests.swift in Sources */ = {isa = PBXBuildFile; fileRef = 96D6F9076981087963B2FF89 /* AppMetadataTests.swift */; };
		EE0E18835536CBB582D465AC /* ConversationListView.swift in Sources */ = {isa = PBXBuildFile; fileRef = C2E49A4879773A3660F32692 /* ConversationListView.swift */; };
		FC691B76552D331E00398DE3 /* VeyraSpacing.swift in Sources */ = {isa = PBXBuildFile; fileRef = AAA6A3BB479DAFD774307B9D /* VeyraSpacing.swift */; };
/* End PBXBuildFile section */

/* Begin PBXContainerItemProxy section */
		B1FE46AD395E87E10AF0339D /* PBXContainerItemProxy */ = {
			isa = PBXContainerItemProxy;
			containerPortal = 6419DCF7C0E045DA70CAFBE4 /* Project object */;
			proxyType = 1;
			remoteGlobalIDString = 4E3EF17B9CD209A6C85A06E7;
			remoteInfo = Veyra;
		};
/* End PBXContainerItemProxy section */

/* Begin PBXFileReference section */
		038CE3E0EAE19CBFD20112BA /* VeyraAvatar.swift */ = {isa = PBXFileReference; includeInIndex = 1; lastKnownFileType = sourcecode.swift; path = VeyraAvatar.swift; sourceTree = "<group>"; };
		082AFEC3EDA6622C035B8FC8 /* ConversationRowView.swift */ = {isa = PBXFileReference; includeInIndex = 1; lastKnownFileType = sourcecode.swift; path = ConversationRowView.swift; sourceTree = "<group>"; };
		0D907300CAB7511CAFB4C0D7 /* VeyraPrimaryButton.swift */ = {isa = PBXFileReference; includeInIndex = 1; lastKnownFileType = sourcecode.swift; path = VeyraPrimaryButton.swift; sourceTree = "<group>"; };
		208DF70C250EDFE8C75411CE /* Foundation.framework */ = {isa = PBXFileReference; lastKnownFileType = wrapper.framework; name = Foundation.framework; path = Platforms/iPhoneOS.platform/Developer/SDKs/iPhoneOS26.0.sdk/System/Library/Frameworks/Foundation.framework; sourceTree = DEVELOPER_DIR; };
		31A020A334F10D814DB2DC6C /* DesignTokenTests.swift */ = {isa = PBXFileReference; includeInIndex = 1; lastKnownFileType = sourcecode.swift; path = DesignTokenTests.swift; sourceTree = "<group>"; };
		5698CE11ECAE96D995835FCD /* Conversation.swift */ = {isa = PBXFileReference; includeInIndex = 1; lastKnownFileType = sourcecode.swift; path = Conversation.swift; sourceTree = "<group>"; };
		612257922E48B3ACB47078A3 /* VeyraRadius.swift */ = {isa = PBXFileReference; includeInIndex = 1; lastKnownFileType = sourcecode.swift; path = VeyraRadius.swift; sourceTree = "<group>"; };
		6B4C091B2C571B56F0C49F39 /* ConversationListViewModelTests.swift */ = {isa = PBXFileReference; includeInIndex = 1; lastKnownFileType = sourcecode.swift; path = ConversationListViewModelTests.swift; sourceTree = "<group>"; };
		778776CB7DBCAB1C013FD617 /* Veyra.app */ = {isa = PBXFileReference; explicitFileType = wrapper.application; includeInIndex = 0; path = Veyra.app; sourceTree = BUILT_PRODUCTS_DIR; };
		79FC21B9F9899BED11DEF736 /* VeyraTypography.swift */ = {isa = PBXFileReference; includeInIndex = 1; lastKnownFileType = sourcecode.swift; path = VeyraTypography.swift; sourceTree = "<group>"; };
		7B110D4A85DA09EF80C1A7D2 /* AppMetadata.swift */ = {isa = PBXFileReference; includeInIndex = 1; lastKnownFileType = sourcecode.swift; path = AppMetadata.swift; sourceTree = "<group>"; };
		815CF3D51D8A2E92364C8777 /* VeyraApp.swift */ = {isa = PBXFileReference; includeInIndex = 1; lastKnownFileType = sourcecode.swift; path = VeyraApp.swift; sourceTree = "<group>"; };
		92D1807482AB6926E4DA3AFB /* DesignSystemCatalogView.swift */ = {isa = PBXFileReference; includeInIndex = 1; lastKnownFileType = sourcecode.swift; path = DesignSystemCatalogView.swift; sourceTree = "<group>"; };
		96D6F9076981087963B2FF89 /* AppMetadataTests.swift */ = {isa = PBXFileReference; includeInIndex = 1; lastKnownFileType = sourcecode.swift; path = AppMetadataTests.swift; sourceTree = "<group>"; };
		9BF8B6FD286458DDB74C22F1 /* AvatarInitialsTests.swift */ = {isa = PBXFileReference; includeInIndex = 1; lastKnownFileType = sourcecode.swift; path = AvatarInitialsTests.swift; sourceTree = "<group>"; };
		A18C29846BD4E660FFF3319F /* VeyraColor.swift */ = {isa = PBXFileReference; includeInIndex = 1; lastKnownFileType = sourcecode.swift; path = VeyraColor.swift; sourceTree = "<group>"; };
		A7BC5825D1F38E225F0E3FB6 /* ConversationPlaceholderView.swift */ = {isa = PBXFileReference; includeInIndex = 1; lastKnownFileType = sourcecode.swift; path = ConversationPlaceholderView.swift; sourceTree = "<group>"; };
		AAA6A3BB479DAFD774307B9D /* VeyraSpacing.swift */ = {isa = PBXFileReference; includeInIndex = 1; lastKnownFileType = sourcecode.swift; path = VeyraSpacing.swift; sourceTree = "<group>"; };
		ACE1C7EE7B619D59D5529C04 /* VeyraTextField.swift */ = {isa = PBXFileReference; includeInIndex = 1; lastKnownFileType = sourcecode.swift; path = VeyraTextField.swift; sourceTree = "<group>"; };
		B94A5909B940AD5D3ADBDB05 /* ConversationListViewModel.swift */ = {isa = PBXFileReference; includeInIndex = 1; lastKnownFileType = sourcecode.swift; path = ConversationListViewModel.swift; sourceTree = "<group>"; };
		C2E49A4879773A3660F32692 /* ConversationListView.swift */ = {isa = PBXFileReference; includeInIndex = 1; lastKnownFileType = sourcecode.swift; path = ConversationListView.swift; sourceTree = "<group>"; };
		E0EAA93FD7CD9802592B73FA /* ConversationPreviewData.swift */ = {isa = PBXFileReference; includeInIndex = 1; lastKnownFileType = sourcecode.swift; path = ConversationPreviewData.swift; sourceTree = "<group>"; };
		E810F31ADEB4011D2EC7D5EF /* AppRoute.swift */ = {isa = PBXFileReference; includeInIndex = 1; lastKnownFileType = sourcecode.swift; path = AppRoute.swift; sourceTree = "<group>"; };
		E827789E667ED520D1F288BC /* VeyraTests.xctest */ = {isa = PBXFileReference; explicitFileType = wrapper.cfbundle; includeInIndex = 0; path = VeyraTests.xctest; sourceTree = BUILT_PRODUCTS_DIR; };
		ED09F370FA57E9D2202E653F /* AppRootView.swift */ = {isa = PBXFileReference; includeInIndex = 1; lastKnownFileType = sourcecode.swift; path = AppRootView.swift; sourceTree = "<group>"; };
/* End PBXFileReference section */

/* Begin PBXFrameworksBuildPhase section */
		5290AD9E8F8BE9D53507F33E /* Frameworks */ = {
			isa = PBXFrameworksBuildPhase;
			buildActionMask = 2147483647;
			files = (
				753286285FC560C6DE98F2BA /* Foundation.framework in Frameworks */,
			);
			runOnlyForDeploymentPostprocessing = 0;
		};
		89CCDA253F7336279D643D9D /* Frameworks */ = {
			isa = PBXFrameworksBuildPhase;
			buildActionMask = 2147483647;
			files = (
				880A32328EAACEC3D916197A /* Foundation.framework in Frameworks */,
			);
			runOnlyForDeploymentPostprocessing = 0;
		};
/* End PBXFrameworksBuildPhase section */

/* Begin PBXGroup section */
		1052962894E0F9F466EEABBE /* Previews */ = {
			isa = PBXGroup;
			children = (
				92D1807482AB6926E4DA3AFB /* DesignSystemCatalogView.swift */,
			);
			path = Previews;
			sourceTree = "<group>";
		};
		12575B7C86C1FF310C6440A5 /* DesignSystem */ = {
			isa = PBXGroup;
			children = (
				5FF5271B60B1D69D8DF32C09 /* Foundation */,
				24BABF8ED18F9DCB1A2139F0 /* Components */,
				1052962894E0F9F466EEABBE /* Previews */,
			);
			path = DesignSystem;
			sourceTree = "<group>";
		};
		1DB89F235E7D007BEF9A6D7E /* Presentation */ = {
			isa = PBXGroup;
			children = (
				B94A5909B940AD5D3ADBDB05 /* ConversationListViewModel.swift */,
			);
			name = Presentation;
			path = Presentation;
			sourceTree = "<group>";
		};
		24BABF8ED18F9DCB1A2139F0 /* Components */ = {
			isa = PBXGroup;
			children = (
				038CE3E0EAE19CBFD20112BA /* VeyraAvatar.swift */,
				0D907300CAB7511CAFB4C0D7 /* VeyraPrimaryButton.swift */,
				ACE1C7EE7B619D59D5529C04 /* VeyraTextField.swift */,
			);
			path = Components;
			sourceTree = "<group>";
		};
		443FA02DB0E706D8F1FD2D5C /* Core */ = {
			isa = PBXGroup;
			children = (
				7B110D4A85DA09EF80C1A7D2 /* AppMetadata.swift */,
				12575B7C86C1FF310C6440A5 /* DesignSystem */,
			);
			name = Core;
			path = Core;
			sourceTree = "<group>";
		};
		456BFBAF337FE9B49E6DB47D /* iOS */ = {
			isa = PBXGroup;
			children = (
				208DF70C250EDFE8C75411CE /* Foundation.framework */,
			);
			name = iOS;
			sourceTree = "<group>";
		};
		5DAD1BA9E9AE5532069D387E /* Views */ = {
			isa = PBXGroup;
			children = (
				C2E49A4879773A3660F32692 /* ConversationListView.swift */,
				082AFEC3EDA6622C035B8FC8 /* ConversationRowView.swift */,
				A7BC5825D1F38E225F0E3FB6 /* ConversationPlaceholderView.swift */,
			);
			name = Views;
			path = Views;
			sourceTree = "<group>";
		};
		5FF5271B60B1D69D8DF32C09 /* Foundation */ = {
			isa = PBXGroup;
			children = (
				A18C29846BD4E660FFF3319F /* VeyraColor.swift */,
				AAA6A3BB479DAFD774307B9D /* VeyraSpacing.swift */,
				612257922E48B3ACB47078A3 /* VeyraRadius.swift */,
				79FC21B9F9899BED11DEF736 /* VeyraTypography.swift */,
			);
			path = Foundation;
			sourceTree = "<group>";
		};
		6577D3D2341D28983B36E493 /* Features */ = {
			isa = PBXGroup;
			children = (
				B7F33F1CEFEA5169702DB93D /* Conversations */,
			);
			name = Features;
			path = Features;
			sourceTree = "<group>";
		};
		7D7EEB33674F43D0F024F961 /* Products */ = {
			isa = PBXGroup;
			children = (
				778776CB7DBCAB1C013FD617 /* Veyra.app */,
				E827789E667ED520D1F288BC /* VeyraTests.xctest */,
			);
			name = Products;
			sourceTree = "<group>";
		};
		811BA59D8FF84D460D03DF6D /* Frameworks */ = {
			isa = PBXGroup;
			children = (
				456BFBAF337FE9B49E6DB47D /* iOS */,
			);
			name = Frameworks;
			sourceTree = "<group>";
		};
		9F28206FAEF3B238B07E55EC /* Data */ = {
			isa = PBXGroup;
			children = (
				E0EAA93FD7CD9802592B73FA /* ConversationPreviewData.swift */,
			);
			name = Data;
			path = Data;
			sourceTree = "<group>";
		};
		B7F33F1CEFEA5169702DB93D /* Conversations */ = {
			isa = PBXGroup;
			children = (
				F9141B55F86AA0496AB91944 /* Models */,
				9F28206FAEF3B238B07E55EC /* Data */,
				1DB89F235E7D007BEF9A6D7E /* Presentation */,
				5DAD1BA9E9AE5532069D387E /* Views */,
			);
			name = Conversations;
			path = Conversations;
			sourceTree = "<group>";
		};
		BFBF3C2D03A9534B3FA12D2E /* VeyraTests */ = {
			isa = PBXGroup;
			children = (
				96D6F9076981087963B2FF89 /* AppMetadataTests.swift */,
				9BF8B6FD286458DDB74C22F1 /* AvatarInitialsTests.swift */,
				31A020A334F10D814DB2DC6C /* DesignTokenTests.swift */,
				6B4C091B2C571B56F0C49F39 /* ConversationListViewModelTests.swift */,
			);
			name = VeyraTests;
			path = VeyraTests;
			sourceTree = "<group>";
		};
		CD51C17E867393530457834D = {
			isa = PBXGroup;
			children = (
				7D7EEB33674F43D0F024F961 /* Products */,
				811BA59D8FF84D460D03DF6D /* Frameworks */,
				EC94D5BA68BF5A79522EEAB5 /* Veyra */,
				BFBF3C2D03A9534B3FA12D2E /* VeyraTests */,
			);
			sourceTree = "<group>";
		};
		EC94D5BA68BF5A79522EEAB5 /* Veyra */ = {
			isa = PBXGroup;
			children = (
				EE202FB336242A4D8F791965 /* App */,
				443FA02DB0E706D8F1FD2D5C /* Core */,
				6577D3D2341D28983B36E493 /* Features */,
			);
			name = Veyra;
			path = Veyra;
			sourceTree = "<group>";
		};
		EE202FB336242A4D8F791965 /* App */ = {
			isa = PBXGroup;
			children = (
				815CF3D51D8A2E92364C8777 /* VeyraApp.swift */,
				ED09F370FA57E9D2202E653F /* AppRootView.swift */,
				E810F31ADEB4011D2EC7D5EF /* AppRoute.swift */,
			);
			name = App;
			path = App;
			sourceTree = "<group>";
		};
		F9141B55F86AA0496AB91944 /* Models */ = {
			isa = PBXGroup;
			children = (
				5698CE11ECAE96D995835FCD /* Conversation.swift */,
			);
			name = Models;
			path = Models;
			sourceTree = "<group>";
		};
/* End PBXGroup section */

/* Begin PBXNativeTarget section */
		4E3EF17B9CD209A6C85A06E7 /* Veyra */ = {
			isa = PBXNativeTarget;
			buildConfigurationList = 75972A935FCAE0BA28FB1D1C /* Build configuration list for PBXNativeTarget "Veyra" */;
			buildPhases = (
				EC245147A020712CC58BB4FD /* Sources */,
				89CCDA253F7336279D643D9D /* Frameworks */,
				BDD87E4FD7A8481716CFA65D /* Resources */,
			);
			buildRules = (
			);
			dependencies = (
			);
			name = Veyra;
			productName = Veyra;
			productReference = 778776CB7DBCAB1C013FD617 /* Veyra.app */;
			productType = "com.apple.product-type.application";
		};
		F5E8822DC362A45307CC45A4 /* VeyraTests */ = {
			isa = PBXNativeTarget;
			buildConfigurationList = D5863D8129DF0091CABE6629 /* Build configuration list for PBXNativeTarget "VeyraTests" */;
			buildPhases = (
				561F313F666A7859EBE29558 /* Sources */,
				5290AD9E8F8BE9D53507F33E /* Frameworks */,
				70477D0DE10F5C329C2CBB07 /* Resources */,
			);
			buildRules = (
			);
			dependencies = (
				C93BB3ECC1FAAF3BF9A370A5 /* PBXTargetDependency */,
			);
			name = VeyraTests;
			productName = VeyraTests;
			productReference = E827789E667ED520D1F288BC /* VeyraTests.xctest */;
			productType = "com.apple.product-type.bundle.unit-test";
		};
/* End PBXNativeTarget section */

/* Begin PBXProject section */
		6419DCF7C0E045DA70CAFBE4 /* Project object */ = {
			isa = PBXProject;
			attributes = {
				LastSwiftUpdateCheck = 1600;
				LastUpgradeCheck = 1600;
			};
			buildConfigurationList = 0FB2225C37F3758BE7B03ABD /* Build configuration list for PBXProject "Veyra" */;
			compatibilityVersion = "Xcode 3.2";
			developmentRegion = en;
			hasScannedForEncodings = 0;
			knownRegions = (
				en,
				Base,
			);
			mainGroup = CD51C17E867393530457834D;
			minimizedProjectReferenceProxies = 0;
			preferredProjectObjectVersion = 100;
			productRefGroup = 7D7EEB33674F43D0F024F961 /* Products */;
			projectDirPath = "";
			projectRoot = "";
			targets = (
				4E3EF17B9CD209A6C85A06E7 /* Veyra */,
				F5E8822DC362A45307CC45A4 /* VeyraTests */,
			);
		};
/* End PBXProject section */

/* Begin PBXResourcesBuildPhase section */
		70477D0DE10F5C329C2CBB07 /* Resources */ = {
			isa = PBXResourcesBuildPhase;
			buildActionMask = 2147483647;
			files = (
			);
			runOnlyForDeploymentPostprocessing = 0;
		};
		BDD87E4FD7A8481716CFA65D /* Resources */ = {
			isa = PBXResourcesBuildPhase;
			buildActionMask = 2147483647;
			files = (
			);
			runOnlyForDeploymentPostprocessing = 0;
		};
/* End PBXResourcesBuildPhase section */

/* Begin PBXSourcesBuildPhase section */
		561F313F666A7859EBE29558 /* Sources */ = {
			isa = PBXSourcesBuildPhase;
			buildActionMask = 2147483647;
			files = (
				E03D522D231932CB9A16CA75 /* AppMetadataTests.swift in Sources */,
				95DD681F3B9F64C813E31A9F /* AvatarInitialsTests.swift in Sources */,
				4E5BB1BAF90877B31BAE4F22 /* DesignTokenTests.swift in Sources */,
				5668E2E56D89B2AD327ECC23 /* ConversationListViewModelTests.swift in Sources */,
			);
			runOnlyForDeploymentPostprocessing = 0;
		};
		EC245147A020712CC58BB4FD /* Sources */ = {
			isa = PBXSourcesBuildPhase;
			buildActionMask = 2147483647;
			files = (
				AFA0D0231FA487557A3ACFBA /* VeyraApp.swift in Sources */,
				60CDAF65F1178A5709B81BE3 /* AppRootView.swift in Sources */,
				7C9F715FB5E1C3D678BC47B9 /* AppMetadata.swift in Sources */,
				A3F57AB2EFBDC14540CD7DE7 /* VeyraColor.swift in Sources */,
				FC691B76552D331E00398DE3 /* VeyraSpacing.swift in Sources */,
				43ACD9B7B96AD843FE8E4420 /* VeyraRadius.swift in Sources */,
				C4F01BA4C1FC96FCE3BC3D1D /* VeyraTypography.swift in Sources */,
				CEEA022B7E5F677BA3E64917 /* VeyraAvatar.swift in Sources */,
				9B311E6D5BCF803CF646E063 /* VeyraPrimaryButton.swift in Sources */,
				782AB63FFF1CF012CCBE15D9 /* VeyraTextField.swift in Sources */,
				0338B32735B6527A4987F2B0 /* DesignSystemCatalogView.swift in Sources */,
				0C7B4565867628A8A7E73B6E /* Conversation.swift in Sources */,
				6E7B76D4486B46ECED541380 /* ConversationPreviewData.swift in Sources */,
				12C821102DA87163D75754D4 /* ConversationListViewModel.swift in Sources */,
				EE0E18835536CBB582D465AC /* ConversationListView.swift in Sources */,
				734597C19877BA0641165DB5 /* ConversationRowView.swift in Sources */,
				068629C6861D6D658A53B122 /* ConversationPlaceholderView.swift in Sources */,
				2F5A1E8DC77B696C08789C3F /* AppRoute.swift in Sources */,
			);
			runOnlyForDeploymentPostprocessing = 0;
		};
/* End PBXSourcesBuildPhase section */

/* Begin PBXTargetDependency section */
		C93BB3ECC1FAAF3BF9A370A5 /* PBXTargetDependency */ = {
			isa = PBXTargetDependency;
			name = Veyra;
			target = 4E3EF17B9CD209A6C85A06E7 /* Veyra */;
			targetProxy = B1FE46AD395E87E10AF0339D /* PBXContainerItemProxy */;
		};
/* End PBXTargetDependency section */

/* Begin XCBuildConfiguration section */
		23A5B2107B3AAF496E82C9F1 /* Debug */ = {
			isa = XCBuildConfiguration;
			buildSettings = {
				BUNDLE_LOADER = "$(TEST_HOST)";
				CLANG_ENABLE_OBJC_WEAK = NO;
				CODE_SIGN_STYLE = Automatic;
				GENERATE_INFOPLIST_FILE = YES;
				IPHONEOS_DEPLOYMENT_TARGET = 17.0;
				PRODUCT_BUNDLE_IDENTIFIER = com.maurojuliano.veyra.tests;
				PRODUCT_NAME = "$(TARGET_NAME)";
				SDKROOT = iphoneos;
				SWIFT_STRICT_CONCURRENCY = complete;
				TARGETED_DEVICE_FAMILY = "1,2";
				TEST_HOST = "$(BUILT_PRODUCTS_DIR)/Veyra.app/$(BUNDLE_EXECUTABLE_FOLDER_PATH)/Veyra";
			};
			name = Debug;
		};
		383D310DC62C9A782DD78051 /* Debug */ = {
			isa = XCBuildConfiguration;
			buildSettings = {
				ALWAYS_SEARCH_USER_PATHS = NO;
				CLANG_ANALYZER_NONNULL = YES;
				CLANG_ANALYZER_NUMBER_OBJECT_CONVERSION = YES_AGGRESSIVE;
				CLANG_CXX_LANGUAGE_STANDARD = "gnu++14";
				CLANG_CXX_LIBRARY = "libc++";
				CLANG_ENABLE_MODULES = YES;
				CLANG_ENABLE_OBJC_ARC = YES;
				CLANG_ENABLE_OBJC_WEAK = YES;
				CLANG_WARN_BLOCK_CAPTURE_AUTORELEASING = YES;
				CLANG_WARN_BOOL_CONVERSION = YES;
				CLANG_WARN_COMMA = YES;
				CLANG_WARN_CONSTANT_CONVERSION = YES;
				CLANG_WARN_DEPRECATED_OBJC_IMPLEMENTATIONS = YES;
				CLANG_WARN_DIRECT_OBJC_ISA_USAGE = YES_ERROR;
				CLANG_WARN_DOCUMENTATION_COMMENTS = YES;
				CLANG_WARN_EMPTY_BODY = YES;
				CLANG_WARN_ENUM_CONVERSION = YES;
				CLANG_WARN_INFINITE_RECURSION = YES;
				CLANG_WARN_INT_CONVERSION = YES;
				CLANG_WARN_NON_LITERAL_NULL_CONVERSION = YES;
				CLANG_WARN_OBJC_IMPLICIT_RETAIN_SELF = YES;
				CLANG_WARN_OBJC_LITERAL_CONVERSION = YES;
				CLANG_WARN_OBJC_ROOT_CLASS = YES_ERROR;
				CLANG_WARN_QUOTED_INCLUDE_IN_FRAMEWORK_HEADER = YES;
				CLANG_WARN_RANGE_LOOP_ANALYSIS = YES;
				CLANG_WARN_STRICT_PROTOTYPES = YES;
				CLANG_WARN_SUSPICIOUS_MOVE = YES;
				CLANG_WARN_UNGUARDED_AVAILABILITY = YES_AGGRESSIVE;
				CLANG_WARN_UNREACHABLE_CODE = YES;
				CLANG_WARN__DUPLICATE_METHOD_MATCH = YES;
				COPY_PHASE_STRIP = NO;
				DEBUG_INFORMATION_FORMAT = dwarf;
				ENABLE_STRICT_OBJC_MSGSEND = YES;
				ENABLE_TESTABILITY = YES;
				GCC_C_LANGUAGE_STANDARD = gnu11;
				GCC_DYNAMIC_NO_PIC = NO;
				GCC_NO_COMMON_BLOCKS = YES;
				GCC_OPTIMIZATION_LEVEL = 0;
				GCC_PREPROCESSOR_DEFINITIONS = (
					"DEBUG=1",
					"$(inherited)",
				);
				GCC_WARN_64_TO_32_BIT_CONVERSION = YES;
				GCC_WARN_ABOUT_RETURN_TYPE = YES_ERROR;
				GCC_WARN_UNDECLARED_SELECTOR = YES;
				GCC_WARN_UNINITIALIZED_AUTOS = YES_AGGRESSIVE;
				GCC_WARN_UNUSED_FUNCTION = YES;
				GCC_WARN_UNUSED_VARIABLE = YES;
				MTL_ENABLE_DEBUG_INFO = INCLUDE_SOURCE;
				MTL_FAST_MATH = YES;
				ONLY_ACTIVE_ARCH = YES;
				PRODUCT_NAME = "$(TARGET_NAME)";
				SWIFT_ACTIVE_COMPILATION_CONDITIONS = DEBUG;
				SWIFT_OPTIMIZATION_LEVEL = "-Onone";
				SWIFT_VERSION = 6.0;
			};
			name = Debug;
		};
		9A1311F21D43F1EA25C82F44 /* Release */ = {
			isa = XCBuildConfiguration;
			buildSettings = {
				ASSETCATALOG_COMPILER_APPICON_NAME = AppIcon;
				ASSETCATALOG_COMPILER_GLOBAL_ACCENT_COLOR_NAME = AccentColor;
				CLANG_ENABLE_OBJC_WEAK = NO;
				CODE_SIGN_STYLE = Automatic;
				CURRENT_PROJECT_VERSION = 1;
				DEVELOPMENT_ASSET_PATHS = "";
				GENERATE_INFOPLIST_FILE = YES;
				INFOPLIST_KEY_UIApplicationSceneManifest_Generation = YES;
				INFOPLIST_KEY_UIApplicationSupportsIndirectInputEvents = YES;
				INFOPLIST_KEY_UILaunchScreen_Generation = YES;
				IPHONEOS_DEPLOYMENT_TARGET = 17.0;
				LD_RUNPATH_SEARCH_PATHS = "$(inherited) @executable_path/Frameworks";
				MARKETING_VERSION = 1.0;
				PRODUCT_BUNDLE_IDENTIFIER = com.maurojuliano.veyra;
				PRODUCT_NAME = "$(TARGET_NAME)";
				SDKROOT = iphoneos;
				SWIFT_EMIT_LOC_STRINGS = YES;
				SWIFT_STRICT_CONCURRENCY = complete;
				TARGETED_DEVICE_FAMILY = "1,2";
				VALIDATE_PRODUCT = YES;
			};
			name = Release;
		};
		9EBE54379422C580501F9960 /* Debug */ = {
			isa = XCBuildConfiguration;
			buildSettings = {
				ASSETCATALOG_COMPILER_APPICON_NAME = AppIcon;
				ASSETCATALOG_COMPILER_GLOBAL_ACCENT_COLOR_NAME = AccentColor;
				CLANG_ENABLE_OBJC_WEAK = NO;
				CODE_SIGN_STYLE = Automatic;
				CURRENT_PROJECT_VERSION = 1;
				DEVELOPMENT_ASSET_PATHS = "";
				GENERATE_INFOPLIST_FILE = YES;
				INFOPLIST_KEY_UIApplicationSceneManifest_Generation = YES;
				INFOPLIST_KEY_UIApplicationSupportsIndirectInputEvents = YES;
				INFOPLIST_KEY_UILaunchScreen_Generation = YES;
				IPHONEOS_DEPLOYMENT_TARGET = 17.0;
				LD_RUNPATH_SEARCH_PATHS = "$(inherited) @executable_path/Frameworks";
				MARKETING_VERSION = 1.0;
				PRODUCT_BUNDLE_IDENTIFIER = com.maurojuliano.veyra;
				PRODUCT_NAME = "$(TARGET_NAME)";
				SDKROOT = iphoneos;
				SWIFT_EMIT_LOC_STRINGS = YES;
				SWIFT_STRICT_CONCURRENCY = complete;
				TARGETED_DEVICE_FAMILY = "1,2";
			};
			name = Debug;
		};
		D3FC70538F5B033357CF2B28 /* Release */ = {
			isa = XCBuildConfiguration;
			buildSettings = {
				ALWAYS_SEARCH_USER_PATHS = NO;
				CLANG_ANALYZER_NONNULL = YES;
				CLANG_ANALYZER_NUMBER_OBJECT_CONVERSION = YES_AGGRESSIVE;
				CLANG_CXX_LANGUAGE_STANDARD = "gnu++14";
				CLANG_CXX_LIBRARY = "libc++";
				CLANG_ENABLE_MODULES = YES;
				CLANG_ENABLE_OBJC_ARC = YES;
				CLANG_ENABLE_OBJC_WEAK = YES;
				CLANG_WARN_BLOCK_CAPTURE_AUTORELEASING = YES;
				CLANG_WARN_BOOL_CONVERSION = YES;
				CLANG_WARN_COMMA = YES;
				CLANG_WARN_CONSTANT_CONVERSION = YES;
				CLANG_WARN_DEPRECATED_OBJC_IMPLEMENTATIONS = YES;
				CLANG_WARN_DIRECT_OBJC_ISA_USAGE = YES_ERROR;
				CLANG_WARN_DOCUMENTATION_COMMENTS = YES;
				CLANG_WARN_EMPTY_BODY = YES;
				CLANG_WARN_ENUM_CONVERSION = YES;
				CLANG_WARN_INFINITE_RECURSION = YES;
				CLANG_WARN_INT_CONVERSION = YES;
				CLANG_WARN_NON_LITERAL_NULL_CONVERSION = YES;
				CLANG_WARN_OBJC_IMPLICIT_RETAIN_SELF = YES;
				CLANG_WARN_OBJC_LITERAL_CONVERSION = YES;
				CLANG_WARN_OBJC_ROOT_CLASS = YES_ERROR;
				CLANG_WARN_QUOTED_INCLUDE_IN_FRAMEWORK_HEADER = YES;
				CLANG_WARN_RANGE_LOOP_ANALYSIS = YES;
				CLANG_WARN_STRICT_PROTOTYPES = YES;
				CLANG_WARN_SUSPICIOUS_MOVE = YES;
				CLANG_WARN_UNGUARDED_AVAILABILITY = YES_AGGRESSIVE;
				CLANG_WARN_UNREACHABLE_CODE = YES;
				CLANG_WARN__DUPLICATE_METHOD_MATCH = YES;
				COPY_PHASE_STRIP = NO;
				DEBUG_INFORMATION_FORMAT = "dwarf-with-dsym";
				ENABLE_NS_ASSERTIONS = NO;
				ENABLE_STRICT_OBJC_MSGSEND = YES;
				GCC_C_LANGUAGE_STANDARD = gnu11;
				GCC_NO_COMMON_BLOCKS = YES;
				GCC_WARN_64_TO_32_BIT_CONVERSION = YES;
				GCC_WARN_ABOUT_RETURN_TYPE = YES_ERROR;
				GCC_WARN_UNDECLARED_SELECTOR = YES;
				GCC_WARN_UNINITIALIZED_AUTOS = YES_AGGRESSIVE;
				GCC_WARN_UNUSED_FUNCTION = YES;
				GCC_WARN_UNUSED_VARIABLE = YES;
				MTL_ENABLE_DEBUG_INFO = NO;
				MTL_FAST_MATH = YES;
				PRODUCT_NAME = "$(TARGET_NAME)";
				SWIFT_COMPILATION_MODE = wholemodule;
				SWIFT_OPTIMIZATION_LEVEL = "-O";
				SWIFT_VERSION = 6.0;
			};
			name = Release;
		};
		D9A3CF3F110F126BE5603B60 /* Release */ = {
			isa = XCBuildConfiguration;
			buildSettings = {
				BUNDLE_LOADER = "$(TEST_HOST)";
				CLANG_ENABLE_OBJC_WEAK = NO;
				CODE_SIGN_STYLE = Automatic;
				GENERATE_INFOPLIST_FILE = YES;
				IPHONEOS_DEPLOYMENT_TARGET = 17.0;
				PRODUCT_BUNDLE_IDENTIFIER = com.maurojuliano.veyra.tests;
				PRODUCT_NAME = "$(TARGET_NAME)";
				SDKROOT = iphoneos;
				SWIFT_STRICT_CONCURRENCY = complete;
				TARGETED_DEVICE_FAMILY = "1,2";
				TEST_HOST = "$(BUILT_PRODUCTS_DIR)/Veyra.app/$(BUNDLE_EXECUTABLE_FOLDER_PATH)/Veyra";
				VALIDATE_PRODUCT = YES;
			};
			name = Release;
		};
/* End XCBuildConfiguration section */

/* Begin XCConfigurationList section */
		0FB2225C37F3758BE7B03ABD /* Build configuration list for PBXProject "Veyra" */ = {
			isa = XCConfigurationList;
			buildConfigurations = (
				383D310DC62C9A782DD78051 /* Debug */,
				D3FC70538F5B033357CF2B28 /* Release */,
			);
			defaultConfigurationIsVisible = 0;
			defaultConfigurationName = Release;
		};
		75972A935FCAE0BA28FB1D1C /* Build configuration list for PBXNativeTarget "Veyra" */ = {
			isa = XCConfigurationList;
			buildConfigurations = (
				9A1311F21D43F1EA25C82F44 /* Release */,
				9EBE54379422C580501F9960 /* Debug */,
			);
			defaultConfigurationIsVisible = 0;
			defaultConfigurationName = Release;
		};
		D5863D8129DF0091CABE6629 /* Build configuration list for PBXNativeTarget "VeyraTests" */ = {
			isa = XCConfigurationList;
			buildConfigurations = (
				D9A3CF3F110F126BE5603B60 /* Release */,
				23A5B2107B3AAF496E82C9F1 /* Debug */,
			);
			defaultConfigurationIsVisible = 0;
			defaultConfigurationName = Release;
		};
/* End XCConfigurationList section */
	};
	rootObject = 6419DCF7C0E045DA70CAFBE4 /* Project object */;
}
