// !$*UTF8*$!
{
	archiveVersion = 1;
	classes = {
	};
	objectVersion = 46;
	objects = {

/* Begin PBXBuildFile section */
		0338B32735B6527A4987F2B0 /* DesignSystemCatalogView.swift in Sources */ = {isa = PBXBuildFile; fileRef = 92D1807482AB6926E4DA3AFB /* DesignSystemCatalogView.swift */; };
		0A8C9578FA36AC88C1A6D205 /* ProfileView.swift in Sources */ = {isa = PBXBuildFile; fileRef = 6931A3E0FFF2CFD78CBCC110 /* ProfileView.swift */; };
		0C7B4565867628A8A7E73B6E /* Conversation.swift in Sources */ = {isa = PBXBuildFile; fileRef = 5698CE11ECAE96D995835FCD /* Conversation.swift */; };
		0D96BD4C565FD57122AF6B01 /* LoginView.swift in Sources */ = {isa = PBXBuildFile; fileRef = 7F4875B03CC2A5078E3B2831 /* LoginView.swift */; };
		0FA5037A60995702755BBC6B /* ProfileViewModelTests.swift in Sources */ = {isa = PBXBuildFile; fileRef = 3A02FA30EF6A1C531E680055 /* ProfileViewModelTests.swift */; };
		12C821102DA87163D75754D4 /* ConversationListViewModel.swift in Sources */ = {isa = PBXBuildFile; fileRef = B94A5909B940AD5D3ADBDB05 /* ConversationListViewModel.swift */; };
		14497BE77041C7B0A71FA6A0 /* SwiftDataConversationRepositoryTests.swift in Sources */ = {isa = PBXBuildFile; fileRef = AF646664F27E3856206D966C /* SwiftDataConversationRepositoryTests.swift */; };
		148683245215D266B1F69398 /* PersonalDetailsView.swift in Sources */ = {isa = PBXBuildFile; fileRef = 5EBE432F2420C29F7249B975 /* PersonalDetailsView.swift */; };
		1A05F76268540B8DBBDF8D9B /* NewConversationView.swift in Sources */ = {isa = PBXBuildFile; fileRef = 5917AB74FE9969FED29ED57E /* NewConversationView.swift */; };
		1AA8567C7E0EC69A7D58B631 /* ProfileStore.swift in Sources */ = {isa = PBXBuildFile; fileRef = 0C09556DC67E480428C19D11 /* ProfileStore.swift */; };
		1C05F92851F0DF88FF1FD371 /* Contact.swift in Sources */ = {isa = PBXBuildFile; fileRef = 17D3DEB07FE517FDFC254469 /* Contact.swift */; };
		21E1D7AA0375B9CEF432EE59 /* RegistrationViewModelTests.swift in Sources */ = {isa = PBXBuildFile; fileRef = 441519C505B18A6B80C92E7B /* RegistrationViewModelTests.swift */; };
		22DF7CAC4857A4E841AF5D26 /* SupabaseChatRepository.swift in Sources */ = {isa = PBXBuildFile; fileRef = D2CE854CD6EA2E1365260700 /* SupabaseChatRepository.swift */; };
		23FCEECB26B15CE7739308A0 /* SessionStore.swift in Sources */ = {isa = PBXBuildFile; fileRef = B38DAB0E23CBA856810C467B /* SessionStore.swift */; };
		2F5A1E8DC77B696C08789C3F /* AppRoute.swift in Sources */ = {isa = PBXBuildFile; fileRef = E810F31ADEB4011D2EC7D5EF /* AppRoute.swift */; };
		308E1B8940EC5869C03CF983 /* LoginViewModel.swift in Sources */ = {isa = PBXBuildFile; fileRef = 5CF5736F5D2BE299C077CE7C /* LoginViewModel.swift */; };
		3C20A3D616AFF95F6F424150 /* ConversationRepository.swift in Sources */ = {isa = PBXBuildFile; fileRef = E0E79AFD1721697118A5B30F /* ConversationRepository.swift */; };
		43ACD9B7B96AD843FE8E4420 /* VeyraRadius.swift in Sources */ = {isa = PBXBuildFile; fileRef = 612257922E48B3ACB47078A3 /* VeyraRadius.swift */; };
		44755A60DDB5415B6345E48C /* MessagePreviewData.swift in Sources */ = {isa = PBXBuildFile; fileRef = 8DF296E5214CCEBFA8ABE939 /* MessagePreviewData.swift */; };
		462039CDAE80A4380ECB29CE /* MessageTimelineViewModel.swift in Sources */ = {isa = PBXBuildFile; fileRef = DDF0E692A9671F543EED8718 /* MessageTimelineViewModel.swift */; };
		475F1FB2211E48F55A1A51E6 /* AuthenticationCoordinator.swift in Sources */ = {isa = PBXBuildFile; fileRef = 3193A4162DD922E516262590 /* AuthenticationCoordinator.swift */; };
		48740A8D240138CA83CFE28C /* NewConversationViewModel.swift in Sources */ = {isa = PBXBuildFile; fileRef = 104FF2BF2B7EC15672D300DE /* NewConversationViewModel.swift */; };
		4E5BB1BAF90877B31BAE4F22 /* DesignTokenTests.swift in Sources */ = {isa = PBXBuildFile; fileRef = 31A020A334F10D814DB2DC6C /* DesignTokenTests.swift */; };
		4EAC419DBDE02E852844EE82 /* RepositoryTests.swift in Sources */ = {isa = PBXBuildFile; fileRef = 498246899EA244F2F82A14F1 /* RepositoryTests.swift */; };
		5668E2E56D89B2AD327ECC23 /* ConversationListViewModelTests.swift in Sources */ = {isa = PBXBuildFile; fileRef = 6B4C091B2C571B56F0C49F39 /* ConversationListViewModelTests.swift */; };
		59051956F4A255E8134149B4 /* RegistrationView.swift in Sources */ = {isa = PBXBuildFile; fileRef = 126B3FF9F85A7890CF968383 /* RegistrationView.swift */; };
		591FE0FE5282B61592A26CD7 /* Supabase in Frameworks */ = {isa = PBXBuildFile; productRef = 884AE89A91B4CADAB1F7563C /* Supabase */; };
		60CDAF65F1178A5709B81BE3 /* AppRootView.swift in Sources */ = {isa = PBXBuildFile; fileRef = ED09F370FA57E9D2202E653F /* AppRootView.swift */; };
		62CE91E35271A60A88FF310F /* MessageTimelineViewModelTests.swift in Sources */ = {isa = PBXBuildFile; fileRef = 2678BF2576CF692192367CA9 /* MessageTimelineViewModelTests.swift */; };
		6DBD723058510BC9DFED81AC /* MessageTimelineView.swift in Sources */ = {isa = PBXBuildFile; fileRef = FF5389180DA0846CECDD8509 /* MessageTimelineView.swift */; };
		6E7B76D4486B46ECED541380 /* ConversationPreviewData.swift in Sources */ = {isa = PBXBuildFile; fileRef = E0EAA93FD7CD9802592B73FA /* ConversationPreviewData.swift */; };
		734597C19877BA0641165DB5 /* ConversationRowView.swift in Sources */ = {isa = PBXBuildFile; fileRef = 082AFEC3EDA6622C035B8FC8 /* ConversationRowView.swift */; };
		7423C1C01A34B0930A69B35C /* MessageComposerView.swift in Sources */ = {isa = PBXBuildFile; fileRef = AAAAD678B15A97CA475953DB /* MessageComposerView.swift */; };
		753286285FC560C6DE98F2BA /* Foundation.framework in Frameworks */ = {isa = PBXBuildFile; fileRef = 208DF70C250EDFE8C75411CE /* Foundation.framework */; };
		76FC6800A2D4B7B8493ACFC2 /* MessageBubbleView.swift in Sources */ = {isa = PBXBuildFile; fileRef = 67E4FA0E7A4E39541CF5B110 /* MessageBubbleView.swift */; };
		77843A999695668DF91E5BE9 /* EmailConfirmationView.swift in Sources */ = {isa = PBXBuildFile; fileRef = A1D4A58FBF3FD75D6CFB8D01 /* EmailConfirmationView.swift */; };
		782AB63FFF1CF012CCBE15D9 /* VeyraTextField.swift in Sources */ = {isa = PBXBuildFile; fileRef = ACE1C7EE7B619D59D5529C04 /* VeyraTextField.swift */; };
		7B51BB037BE5D99F3698FF44 /* ContactRepository.swift in Sources */ = {isa = PBXBuildFile; fileRef = 994EA17041AD6A2C9DAA0CC3 /* ContactRepository.swift */; };
		7C0D872ADBC557FB5919A320 /* SwiftDataConversationRepository.swift in Sources */ = {isa = PBXBuildFile; fileRef = 0D5400F153B6D21CB5BB9CC5 /* SwiftDataConversationRepository.swift */; };
		7C9F715FB5E1C3D678BC47B9 /* AppMetadata.swift in Sources */ = {isa = PBXBuildFile; fileRef = 7B110D4A85DA09EF80C1A7D2 /* AppMetadata.swift */; };
		861B06509E4A9B740264E765 /* ConversationRecord.swift in Sources */ = {isa = PBXBuildFile; fileRef = 0E91305B16B77EBDDB5AF62A /* ConversationRecord.swift */; };
		872F01C95182FD43EEC53CF6 /* SessionStoreTests.swift in Sources */ = {isa = PBXBuildFile; fileRef = 518FAE9C5EAC0D5F6FA3C072 /* SessionStoreTests.swift */; };
		87499B69C8C6BF7F58AC16F6 /* SupabaseConfigurationTests.swift in Sources */ = {isa = PBXBuildFile; fileRef = E39EA489B16A28A2CA94C2CB /* SupabaseConfigurationTests.swift */; };
		880A32328EAACEC3D916197A /* Foundation.framework in Frameworks */ = {isa = PBXBuildFile; fileRef = 208DF70C250EDFE8C75411CE /* Foundation.framework */; };
		88D05E71B0F456BA216AA73A /* SupabaseConfiguration.swift in Sources */ = {isa = PBXBuildFile; fileRef = 9429A6F0A5F3BA4C90324820 /* SupabaseConfiguration.swift */; };
		8CD8A037A2DD7E127629FE32 /* AppDependencies.swift in Sources */ = {isa = PBXBuildFile; fileRef = FF36A65784567611871F8863 /* AppDependencies.swift */; };
		93D497AFF6DB00982DB6A4C2 /* LoginViewModelTests.swift in Sources */ = {isa = PBXBuildFile; fileRef = E812827318A22C6360199016 /* LoginViewModelTests.swift */; };
		95A91251246566BEA392862D /* Message.swift in Sources */ = {isa = PBXBuildFile; fileRef = B6B6EEED8A124464784C2B17 /* Message.swift */; };
		95DD681F3B9F64C813E31A9F /* AvatarInitialsTests.swift in Sources */ = {isa = PBXBuildFile; fileRef = 9BF8B6FD286458DDB74C22F1 /* AvatarInitialsTests.swift */; };
		9B311E6D5BCF803CF646E063 /* VeyraPrimaryButton.swift in Sources */ = {isa = PBXBuildFile; fileRef = 0D907300CAB7511CAFB4C0D7 /* VeyraPrimaryButton.swift */; };
		A3F57AB2EFBDC14540CD7DE7 /* VeyraColor.swift in Sources */ = {isa = PBXBuildFile; fileRef = A18C29846BD4E660FFF3319F /* VeyraColor.swift */; };
		A9132EAC30465364009C03A6 /* GlassBackground.swift in Sources */ = {isa = PBXBuildFile; fileRef = A9132EAB30465364009C03A6 /* GlassBackground.swift */; };
		AFA0D0231FA487557A3ACFBA /* VeyraApp.swift in Sources */ = {isa = PBXBuildFile; fileRef = 815CF3D51D8A2E92364C8777 /* VeyraApp.swift */; };
		B357F0C51503990DB506D527 /* AuthenticationService.swift in Sources */ = {isa = PBXBuildFile; fileRef = 8A13B7B5A102C3620656316F /* AuthenticationService.swift */; };
		BD796388BDA24BD3035EFBCE /* SupabaseClientProvider.swift in Sources */ = {isa = PBXBuildFile; fileRef = B56D78C652AAAB9D315E96DF /* SupabaseClientProvider.swift */; };
		C4F01BA4C1FC96FCE3BC3D1D /* VeyraTypography.swift in Sources */ = {isa = PBXBuildFile; fileRef = 79FC21B9F9899BED11DEF736 /* VeyraTypography.swift */; };
		CEEA022B7E5F677BA3E64917 /* VeyraAvatar.swift in Sources */ = {isa = PBXBuildFile; fileRef = 038CE3E0EAE19CBFD20112BA /* VeyraAvatar.swift */; };
		D5DDC42F3766A986FB03DADB /* RegistrationViewModel.swift in Sources */ = {isa = PBXBuildFile; fileRef = 99FCB349C1FDF1744BC06562 /* RegistrationViewModel.swift */; };
		DE4360550F651CFC339409DA /* ProfileViewModel.swift in Sources */ = {isa = PBXBuildFile; fileRef = 8429D3FC53470967204274B2 /* ProfileViewModel.swift */; };
		E03D522D231932CB9A16CA75 /* AppMetadataTests.swift in Sources */ = {isa = PBXBuildFile; fileRef = 96D6F9076981087963B2FF89 /* AppMetadataTests.swift */; };
		E5340791E020E8DF098FD36E /* NewConversationViewModelTests.swift in Sources */ = {isa = PBXBuildFile; fileRef = E4959CA35782AD866F12C222 /* NewConversationViewModelTests.swift */; };
		EE0E18835536CBB582D465AC /* ConversationListView.swift in Sources */ = {isa = PBXBuildFile; fileRef = C2E49A4879773A3660F32692 /* ConversationListView.swift */; };
		EEEDC5B85B970CF0A097194F /* ContactPreviewData.swift in Sources */ = {isa = PBXBuildFile; fileRef = C2F212E6EB3EFE613A12BF21 /* ContactPreviewData.swift */; };
		F7F2A320BA5A1076DF7F28C3 /* AuthenticationCoordinatorTests.swift in Sources */ = {isa = PBXBuildFile; fileRef = 86669357F39C6F6B80BFB3CE /* AuthenticationCoordinatorTests.swift */; };
		F9133D4385FE6D55603C3DFB /* UserProfile.swift in Sources */ = {isa = PBXBuildFile; fileRef = 1F545AD5822812B8446B21C3 /* UserProfile.swift */; };
		FC691B76552D331E00398DE3 /* VeyraSpacing.swift in Sources */ = {isa = PBXBuildFile; fileRef = AAA6A3BB479DAFD774307B9D /* VeyraSpacing.swift */; };
/* End PBXBuildFile section */

/* Begin PBXContainerItemProxy section */
		B1FE46AD395E87E10AF0339D /* PBXContainerItemProxy */ = {
			isa = PBXContainerItemProxy;
			containerPortal = 6419DCF7C0E045DA70CAFBE4 /* Project object */;
			proxyType = 1;
			remoteGlobalIDString = 4E3EF17B9CD209A6C85A06E7;
			remoteInfo = Veyra;
		};
/* End PBXContainerItemProxy section */

/* Begin PBXFileReference section */
		038CE3E0EAE19CBFD20112BA /* VeyraAvatar.swift */ = {isa = PBXFileReference; includeInIndex = 1; lastKnownFileType = sourcecode.swift; path = VeyraAvatar.swift; sourceTree = "<group>"; };
		082AFEC3EDA6622C035B8FC8 /* ConversationRowView.swift */ = {isa = PBXFileReference; includeInIndex = 1; lastKnownFileType = sourcecode.swift; path = ConversationRowView.swift; sourceTree = "<group>"; };
		0C09556DC67E480428C19D11 /* ProfileStore.swift */ = {isa = PBXFileReference; includeInIndex = 1; lastKnownFileType = sourcecode.swift; path = ProfileStore.swift; sourceTree = "<group>"; };
		0D5400F153B6D21CB5BB9CC5 /* SwiftDataConversationRepository.swift */ = {isa = PBXFileReference; includeInIndex = 1; lastKnownFileType = sourcecode.swift; path = SwiftDataConversationRepository.swift; sourceTree = "<group>"; };
		0D907300CAB7511CAFB4C0D7 /* VeyraPrimaryButton.swift */ = {isa = PBXFileReference; includeInIndex = 1; lastKnownFileType = sourcecode.swift; path = VeyraPrimaryButton.swift; sourceTree = "<group>"; };
		0E91305B16B77EBDDB5AF62A /* ConversationRecord.swift */ = {isa = PBXFileReference; includeInIndex = 1; lastKnownFileType = sourcecode.swift; path = ConversationRecord.swift; sourceTree = "<group>"; };
		104FF2BF2B7EC15672D300DE /* NewConversationViewModel.swift */ = {isa = PBXFileReference; includeInIndex = 1; lastKnownFileType = sourcecode.swift; path = NewConversationViewModel.swift; sourceTree = "<group>"; };
		126B3FF9F85A7890CF968383 /* RegistrationView.swift */ = {isa = PBXFileReference; includeInIndex = 1; lastKnownFileType = sourcecode.swift; path = RegistrationView.swift; sourceTree = "<group>"; };
		17D3DEB07FE517FDFC254469 /* Contact.swift */ = {isa = PBXFileReference; includeInIndex = 1; lastKnownFileType = sourcecode.swift; path = Contact.swift; sourceTree = "<group>"; };
		1F545AD5822812B8446B21C3 /* UserProfile.swift */ = {isa = PBXFileReference; includeInIndex = 1; lastKnownFileType = sourcecode.swift; path = UserProfile.swift; sourceTree = "<group>"; };
		208DF70C250EDFE8C75411CE /* Foundation.framework */ = {isa = PBXFileReference; lastKnownFileType = wrapper.framework; name = Foundation.framework; path = Platforms/iPhoneOS.platform/Developer/SDKs/iPhoneOS26.0.sdk/System/Library/Frameworks/Foundation.framework; sourceTree = DEVELOPER_DIR; };
		2678BF2576CF692192367CA9 /* MessageTimelineViewModelTests.swift */ = {isa = PBXFileReference; includeInIndex = 1; lastKnownFileType = sourcecode.swift; path = MessageTimelineViewModelTests.swift; sourceTree = "<group>"; };
		3193A4162DD922E516262590 /* AuthenticationCoordinator.swift */ = {isa = PBXFileReference; includeInIndex = 1; lastKnownFileType = sourcecode.swift; path = AuthenticationCoordinator.swift; sourceTree = "<group>"; };
		31A020A334F10D814DB2DC6C /* DesignTokenTests.swift */ = {isa = PBXFileReference; includeInIndex = 1; lastKnownFileType = sourcecode.swift; path = DesignTokenTests.swift; sourceTree = "<group>"; };
		3A02FA30EF6A1C531E680055 /* ProfileViewModelTests.swift */ = {isa = PBXFileReference; includeInIndex = 1; lastKnownFileType = sourcecode.swift; path = ProfileViewModelTests.swift; sourceTree = "<group>"; };
		441519C505B18A6B80C92E7B /* RegistrationViewModelTests.swift */ = {isa = PBXFileReference; includeInIndex = 1; lastKnownFileType = sourcecode.swift; path = RegistrationViewModelTests.swift; sourceTree = "<group>"; };
		498246899EA244F2F82A14F1 /* RepositoryTests.swift */ = {isa = PBXFileReference; includeInIndex = 1; lastKnownFileType = sourcecode.swift; path = RepositoryTests.swift; sourceTree = "<group>"; };
		518FAE9C5EAC0D5F6FA3C072 /* SessionStoreTests.swift */ = {isa = PBXFileReference; includeInIndex = 1; lastKnownFileType = sourcecode.swift; path = SessionStoreTests.swift; sourceTree = "<group>"; };
		5698CE11ECAE96D995835FCD /* Conversation.swift */ = {isa = PBXFileReference; includeInIndex = 1; lastKnownFileType = sourcecode.swift; path = Conversation.swift; sourceTree = "<group>"; };
		5819FAF79B8D19C6656AC295 /* Base.xcconfig */ = {isa = PBXFileReference; includeInIndex = 1; lastKnownFileType = text.xcconfig; path = Base.xcconfig; sourceTree = "<group>"; };
		5917AB74FE9969FED29ED57E /* NewConversationView.swift */ = {isa = PBXFileReference; includeInIndex = 1; lastKnownFileType = sourcecode.swift; path = NewConversationView.swift; sourceTree = "<group>"; };
		5CF5736F5D2BE299C077CE7C /* LoginViewModel.swift */ = {isa = PBXFileReference; includeInIndex = 1; lastKnownFileType = sourcecode.swift; path = LoginViewModel.swift; sourceTree = "<group>"; };
		5EBE432F2420C29F7249B975 /* PersonalDetailsView.swift */ = {isa = PBXFileReference; includeInIndex = 1; lastKnownFileType = sourcecode.swift; path = PersonalDetailsView.swift; sourceTree = "<group>"; };
		612257922E48B3ACB47078A3 /* VeyraRadius.swift */ = {isa = PBXFileReference; includeInIndex = 1; lastKnownFileType = sourcecode.swift; path = VeyraRadius.swift; sourceTree = "<group>"; };
		67E4FA0E7A4E39541CF5B110 /* MessageBubbleView.swift */ = {isa = PBXFileReference; includeInIndex = 1; lastKnownFileType = sourcecode.swift; path = MessageBubbleView.swift; sourceTree = "<group>"; };
		6931A3E0FFF2CFD78CBCC110 /* ProfileView.swift */ = {isa = PBXFileReference; includeInIndex = 1; lastKnownFileType = sourcecode.swift; path = ProfileView.swift; sourceTree = "<group>"; };
		6B4C091B2C571B56F0C49F39 /* ConversationListViewModelTests.swift */ = {isa = PBXFileReference; includeInIndex = 1; lastKnownFileType = sourcecode.swift; path = ConversationListViewModelTests.swift; sourceTree = "<group>"; };
		778776CB7DBCAB1C013FD617 /* Veyra.app */ = {isa = PBXFileReference; explicitFileType = wrapper.application; includeInIndex = 0; path = Veyra.app; sourceTree = BUILT_PRODUCTS_DIR; };
		79FC21B9F9899BED11DEF736 /* VeyraTypography.swift */ = {isa = PBXFileReference; includeInIndex = 1; lastKnownFileType = sourcecode.swift; path = VeyraTypography.swift; sourceTree = "<group>"; };
		7B110D4A85DA09EF80C1A7D2 /* AppMetadata.swift */ = {isa = PBXFileReference; includeInIndex = 1; lastKnownFileType = sourcecode.swift; path = AppMetadata.swift; sourceTree = "<group>"; };
		7F4875B03CC2A5078E3B2831 /* LoginView.swift */ = {isa = PBXFileReference; includeInIndex = 1; lastKnownFileType = sourcecode.swift; path = LoginView.swift; sourceTree = "<group>"; };
		815CF3D51D8A2E92364C8777 /* VeyraApp.swift */ = {isa = PBXFileReference; includeInIndex = 1; lastKnownFileType = sourcecode.swift; path = VeyraApp.swift; sourceTree = "<group>"; };
		8429D3FC53470967204274B2 /* ProfileViewModel.swift */ = {isa = PBXFileReference; includeInIndex = 1; lastKnownFileType = sourcecode.swift; path = ProfileViewModel.swift; sourceTree = "<group>"; };
		86669357F39C6F6B80BFB3CE /* AuthenticationCoordinatorTests.swift */ = {isa = PBXFileReference; includeInIndex = 1; lastKnownFileType = sourcecode.swift; path = AuthenticationCoordinatorTests.swift; sourceTree = "<group>"; };
		8A13B7B5A102C3620656316F /* AuthenticationService.swift */ = {isa = PBXFileReference; includeInIndex = 1; lastKnownFileType = sourcecode.swift; path = AuthenticationService.swift; sourceTree = "<group>"; };
		8DF296E5214CCEBFA8ABE939 /* MessagePreviewData.swift */ = {isa = PBXFileReference; includeInIndex = 1; lastKnownFileType = sourcecode.swift; path = MessagePreviewData.swift; sourceTree = "<group>"; };
		92D1807482AB6926E4DA3AFB /* DesignSystemCatalogView.swift */ = {isa = PBXFileReference; includeInIndex = 1; lastKnownFileType = sourcecode.swift; path = DesignSystemCatalogView.swift; sourceTree = "<group>"; };
		9429A6F0A5F3BA4C90324820 /* SupabaseConfiguration.swift */ = {isa = PBXFileReference; includeInIndex = 1; lastKnownFileType = sourcecode.swift; path = SupabaseConfiguration.swift; sourceTree = "<group>"; };
		96D6F9076981087963B2FF89 /* AppMetadataTests.swift */ = {isa = PBXFileReference; includeInIndex = 1; lastKnownFileType = sourcecode.swift; path = AppMetadataTests.swift; sourceTree = "<group>"; };
		994EA17041AD6A2C9DAA0CC3 /* ContactRepository.swift */ = {isa = PBXFileReference; includeInIndex = 1; lastKnownFileType = sourcecode.swift; path = ContactRepository.swift; sourceTree = "<group>"; };
		99FCB349C1FDF1744BC06562 /* RegistrationViewModel.swift */ = {isa = PBXFileReference; includeInIndex = 1; lastKnownFileType = sourcecode.swift; path = RegistrationViewModel.swift; sourceTree = "<group>"; };
		9BF8B6FD286458DDB74C22F1 /* AvatarInitialsTests.swift */ = {isa = PBXFileReference; includeInIndex = 1; lastKnownFileType = sourcecode.swift; path = AvatarInitialsTests.swift; sourceTree = "<group>"; };
		A18C29846BD4E660FFF3319F /* VeyraColor.swift */ = {isa = PBXFileReference; includeInIndex = 1; lastKnownFileType = sourcecode.swift; path = VeyraColor.swift; sourceTree = "<group>"; };
		A1D4A58FBF3FD75D6CFB8D01 /* EmailConfirmationView.swift */ = {isa = PBXFileReference; includeInIndex = 1; lastKnownFileType = sourcecode.swift; path = EmailConfirmationView.swift; sourceTree = "<group>"; };
		A9132EAB30465364009C03A6 /* GlassBackground.swift */ = {isa = PBXFileReference; lastKnownFileType = sourcecode.swift; path = GlassBackground.swift; sourceTree = "<group>"; };
		AAA6A3BB479DAFD774307B9D /* VeyraSpacing.swift */ = {isa = PBXFileReference; includeInIndex = 1; lastKnownFileType = sourcecode.swift; path = VeyraSpacing.swift; sourceTree = "<group>"; };
		AAAAD678B15A97CA475953DB /* MessageComposerView.swift */ = {isa = PBXFileReference; includeInIndex = 1; lastKnownFileType = sourcecode.swift; path = MessageComposerView.swift; sourceTree = "<group>"; };
		ACE1C7EE7B619D59D5529C04 /* VeyraTextField.swift */ = {isa = PBXFileReference; includeInIndex = 1; lastKnownFileType = sourcecode.swift; path = VeyraTextField.swift; sourceTree = "<group>"; };
		AF646664F27E3856206D966C /* SwiftDataConversationRepositoryTests.swift */ = {isa = PBXFileReference; includeInIndex = 1; lastKnownFileType = sourcecode.swift; path = SwiftDataConversationRepositoryTests.swift; sourceTree = "<group>"; };
		B38DAB0E23CBA856810C467B /* SessionStore.swift */ = {isa = PBXFileReference; includeInIndex = 1; lastKnownFileType = sourcecode.swift; path = SessionStore.swift; sourceTree = "<group>"; };
		B56D78C652AAAB9D315E96DF /* SupabaseClientProvider.swift */ = {isa = PBXFileReference; includeInIndex = 1; lastKnownFileType = sourcecode.swift; path = SupabaseClientProvider.swift; sourceTree = "<group>"; };
		B6B6EEED8A124464784C2B17 /* Message.swift */ = {isa = PBXFileReference; includeInIndex = 1; lastKnownFileType = sourcecode.swift; path = Message.swift; sourceTree = "<group>"; };
		B6CB6E0F746BFB96C7862450 /* Secrets.xcconfig.example */ = {isa = PBXFileReference; includeInIndex = 1; path = Secrets.xcconfig.example; sourceTree = "<group>"; };
		B94A5909B940AD5D3ADBDB05 /* ConversationListViewModel.swift */ = {isa = PBXFileReference; includeInIndex = 1; lastKnownFileType = sourcecode.swift; path = ConversationListViewModel.swift; sourceTree = "<group>"; };
		C2E49A4879773A3660F32692 /* ConversationListView.swift */ = {isa = PBXFileReference; includeInIndex = 1; lastKnownFileType = sourcecode.swift; path = ConversationListView.swift; sourceTree = "<group>"; };
		C2F212E6EB3EFE613A12BF21 /* ContactPreviewData.swift */ = {isa = PBXFileReference; includeInIndex = 1; lastKnownFileType = sourcecode.swift; path = ContactPreviewData.swift; sourceTree = "<group>"; };
		D2CE854CD6EA2E1365260700 /* SupabaseChatRepository.swift */ = {isa = PBXFileReference; includeInIndex = 1; lastKnownFileType = sourcecode.swift; path = SupabaseChatRepository.swift; sourceTree = "<group>"; };
		DDF0E692A9671F543EED8718 /* MessageTimelineViewModel.swift */ = {isa = PBXFileReference; includeInIndex = 1; lastKnownFileType = sourcecode.swift; path = MessageTimelineViewModel.swift; sourceTree = "<group>"; };
		E0E79AFD1721697118A5B30F /* ConversationRepository.swift */ = {isa = PBXFileReference; includeInIndex = 1; lastKnownFileType = sourcecode.swift; path = ConversationRepository.swift; sourceTree = "<group>"; };
		E0EAA93FD7CD9802592B73FA /* ConversationPreviewData.swift */ = {isa = PBXFileReference; includeInIndex = 1; lastKnownFileType = sourcecode.swift; path = ConversationPreviewData.swift; sourceTree = "<group>"; };
		E39EA489B16A28A2CA94C2CB /* SupabaseConfigurationTests.swift */ = {isa = PBXFileReference; includeInIndex = 1; lastKnownFileType = sourcecode.swift; path = SupabaseConfigurationTests.swift; sourceTree = "<group>"; };
		E4959CA35782AD866F12C222 /* NewConversationViewModelTests.swift */ = {isa = PBXFileReference; includeInIndex = 1; lastKnownFileType = sourcecode.swift; path = NewConversationViewModelTests.swift; sourceTree = "<group>"; };
		E810F31ADEB4011D2EC7D5EF /* AppRoute.swift */ = {isa = PBXFileReference; includeInIndex = 1; lastKnownFileType = sourcecode.swift; path = AppRoute.swift; sourceTree = "<group>"; };
		E812827318A22C6360199016 /* LoginViewModelTests.swift */ = {isa = PBXFileReference; includeInIndex = 1; lastKnownFileType = sourcecode.swift; path = LoginViewModelTests.swift; sourceTree = "<group>"; };
		E827789E667ED520D1F288BC /* VeyraTests.xctest */ = {isa = PBXFileReference; explicitFileType = wrapper.cfbundle; includeInIndex = 0; path = VeyraTests.xctest; sourceTree = BUILT_PRODUCTS_DIR; };
		ED09F370FA57E9D2202E653F /* AppRootView.swift */ = {isa = PBXFileReference; includeInIndex = 1; lastKnownFileType = sourcecode.swift; path = AppRootView.swift; sourceTree = "<group>"; };
		F5B95E0AB67F2F623383C13E /* Info.plist */ = {isa = PBXFileReference; includeInIndex = 1; lastKnownFileType = text.plist.xml; path = Info.plist; sourceTree = "<group>"; };
		FF36A65784567611871F8863 /* AppDependencies.swift */ = {isa = PBXFileReference; includeInIndex = 1; lastKnownFileType = sourcecode.swift; path = AppDependencies.swift; sourceTree = "<group>"; };
		FF5389180DA0846CECDD8509 /* MessageTimelineView.swift */ = {isa = PBXFileReference; includeInIndex = 1; lastKnownFileType = sourcecode.swift; path = MessageTimelineView.swift; sourceTree = "<group>"; };
/* End PBXFileReference section */

/* Begin PBXFrameworksBuildPhase section */
		5290AD9E8F8BE9D53507F33E /* Frameworks */ = {
			isa = PBXFrameworksBuildPhase;
			buildActionMask = 2147483647;
			files = (
				753286285FC560C6DE98F2BA /* Foundation.framework in Frameworks */,
			);
			runOnlyForDeploymentPostprocessing = 0;
		};
		89CCDA253F7336279D643D9D /* Frameworks */ = {
			isa = PBXFrameworksBuildPhase;
			buildActionMask = 2147483647;
			files = (
				880A32328EAACEC3D916197A /* Foundation.framework in Frameworks */,
				591FE0FE5282B61592A26CD7 /* Supabase in Frameworks */,
			);
			runOnlyForDeploymentPostprocessing = 0;
		};
/* End PBXFrameworksBuildPhase section */

/* Begin PBXGroup section */
		0D313FE79FD841EB30849DC8 /* Models */ = {
			isa = PBXGroup;
			children = (
				B6B6EEED8A124464784C2B17 /* Message.swift */,
			);
			path = Models;
			sourceTree = "<group>";
		};
		1052962894E0F9F466EEABBE /* Previews */ = {
			isa = PBXGroup;
			children = (
				92D1807482AB6926E4DA3AFB /* DesignSystemCatalogView.swift */,
			);
			path = Previews;
			sourceTree = "<group>";
		};
		12575B7C86C1FF310C6440A5 /* DesignSystem */ = {
			isa = PBXGroup;
			children = (
				5FF5271B60B1D69D8DF32C09 /* Foundation */,
				24BABF8ED18F9DCB1A2139F0 /* Components */,
				1052962894E0F9F466EEABBE /* Previews */,
			);
			path = DesignSystem;
			sourceTree = "<group>";
		};
		1B8448D1A22795F940FD4664 /* Models */ = {
			isa = PBXGroup;
			children = (
				1F545AD5822812B8446B21C3 /* UserProfile.swift */,
			);
			name = Models;
			path = Models;
			sourceTree = "<group>";
		};
		1DB89F235E7D007BEF9A6D7E /* Presentation */ = {
			isa = PBXGroup;
			children = (
				B94A5909B940AD5D3ADBDB05 /* ConversationListViewModel.swift */,
				104FF2BF2B7EC15672D300DE /* NewConversationViewModel.swift */,
			);
			path = Presentation;
			sourceTree = "<group>";
		};
		23FFEE96E918F105EB053FED /* Presentation */ = {
			isa = PBXGroup;
			children = (
				DDF0E692A9671F543EED8718 /* MessageTimelineViewModel.swift */,
			);
			path = Presentation;
			sourceTree = "<group>";
		};
		24BABF8ED18F9DCB1A2139F0 /* Components */ = {
			isa = PBXGroup;
			children = (
				038CE3E0EAE19CBFD20112BA /* VeyraAvatar.swift */,
				0D907300CAB7511CAFB4C0D7 /* VeyraPrimaryButton.swift */,
				ACE1C7EE7B619D59D5529C04 /* VeyraTextField.swift */,
			);
			path = Components;
			sourceTree = "<group>";
		};
		319BB9F586381A13BE290554 /* Authentication */ = {
			isa = PBXGroup;
			children = (
				8A13B7B5A102C3620656316F /* AuthenticationService.swift */,
			);
			name = Authentication;
			path = Authentication;
			sourceTree = "<group>";
		};
		443FA02DB0E706D8F1FD2D5C /* Core */ = {
			isa = PBXGroup;
			children = (
				7B110D4A85DA09EF80C1A7D2 /* AppMetadata.swift */,
				12575B7C86C1FF310C6440A5 /* DesignSystem */,
				61676F069A96A091937AFF57 /* Data */,
				591BCD800B625EE7F7F37664 /* Backend */,
			);
			path = Core;
			sourceTree = "<group>";
		};
		456BFBAF337FE9B49E6DB47D /* iOS */ = {
			isa = PBXGroup;
			children = (
				208DF70C250EDFE8C75411CE /* Foundation.framework */,
			);
			name = iOS;
			sourceTree = "<group>";
		};
		472B3893225101D5C846BCE7 /* Presentation */ = {
			isa = PBXGroup;
			children = (
				5CF5736F5D2BE299C077CE7C /* LoginViewModel.swift */,
				99FCB349C1FDF1744BC06562 /* RegistrationViewModel.swift */,
				3193A4162DD922E516262590 /* AuthenticationCoordinator.swift */,
			);
			name = Presentation;
			path = Presentation;
			sourceTree = "<group>";
		};
		52F35888B0023302ABF8F350 /* Views */ = {
			isa = PBXGroup;
			children = (
				67E4FA0E7A4E39541CF5B110 /* MessageBubbleView.swift */,
				AAAAD678B15A97CA475953DB /* MessageComposerView.swift */,
				FF5389180DA0846CECDD8509 /* MessageTimelineView.swift */,
			);
			path = Views;
			sourceTree = "<group>";
		};
		591BCD800B625EE7F7F37664 /* Backend */ = {
			isa = PBXGroup;
			children = (
				CD4A7C3978F85DD2937EF67D /* Supabase */,
				319BB9F586381A13BE290554 /* Authentication */,
			);
			name = Backend;
			path = Backend;
			sourceTree = "<group>";
		};
		5DAD1BA9E9AE5532069D387E /* Views */ = {
			isa = PBXGroup;
			children = (
				C2E49A4879773A3660F32692 /* ConversationListView.swift */,
				082AFEC3EDA6622C035B8FC8 /* ConversationRowView.swift */,
				5917AB74FE9969FED29ED57E /* NewConversationView.swift */,
			);
			path = Views;
			sourceTree = "<group>";
		};
		5FB644311B3D511515ABBACA /* SwiftData */ = {
			isa = PBXGroup;
			children = (
				0E91305B16B77EBDDB5AF62A /* ConversationRecord.swift */,
				0D5400F153B6D21CB5BB9CC5 /* SwiftDataConversationRepository.swift */,
			);
			path = SwiftData;
			sourceTree = "<group>";
		};
		5FF5271B60B1D69D8DF32C09 /* Foundation */ = {
			isa = PBXGroup;
			children = (
				A9132EAB30465364009C03A6 /* GlassBackground.swift */,
				A18C29846BD4E660FFF3319F /* VeyraColor.swift */,
				AAA6A3BB479DAFD774307B9D /* VeyraSpacing.swift */,
				612257922E48B3ACB47078A3 /* VeyraRadius.swift */,
				79FC21B9F9899BED11DEF736 /* VeyraTypography.swift */,
			);
			path = Foundation;
			sourceTree = "<group>";
		};
		61676F069A96A091937AFF57 /* Data */ = {
			isa = PBXGroup;
			children = (
				D0AD1E06E47C792CA10EF1FD /* Repositories */,
				D50FA23D7E52344B0DFD4339 /* Dependency */,
				5FB644311B3D511515ABBACA /* SwiftData */,
				D7F6FA284BAA8FED8447B40D /* Session */,
				9824A6DF97E584A24DA4F34F /* Profile */,
			);
			path = Data;
			sourceTree = "<group>";
		};
		6577D3D2341D28983B36E493 /* Features */ = {
			isa = PBXGroup;
			children = (
				B7F33F1CEFEA5169702DB93D /* Conversations */,
				D62F192FE2C61BF9C279E612 /* Messages */,
				D7BA5F00FE6D5579086D0425 /* Authentication */,
				E1E80AD21D8F7C4B73BB4BB7 /* Profile */,
			);
			path = Features;
			sourceTree = "<group>";
		};
		74D184FDBE681B2E017A91C1 /* Presentation */ = {
			isa = PBXGroup;
			children = (
				8429D3FC53470967204274B2 /* ProfileViewModel.swift */,
			);
			name = Presentation;
			path = Presentation;
			sourceTree = "<group>";
		};
		7D7EEB33674F43D0F024F961 /* Products */ = {
			isa = PBXGroup;
			children = (
				778776CB7DBCAB1C013FD617 /* Veyra.app */,
				E827789E667ED520D1F288BC /* VeyraTests.xctest */,
			);
			name = Products;
			sourceTree = "<group>";
		};
		811BA59D8FF84D460D03DF6D /* Frameworks */ = {
			isa = PBXGroup;
			children = (
				456BFBAF337FE9B49E6DB47D /* iOS */,
			);
			name = Frameworks;
			sourceTree = "<group>";
		};
		9376C378D0F533FA16874658 /* Views */ = {
			isa = PBXGroup;
			children = (
				6931A3E0FFF2CFD78CBCC110 /* ProfileView.swift */,
				5EBE432F2420C29F7249B975 /* PersonalDetailsView.swift */,
			);
			name = Views;
			path = Views;
			sourceTree = "<group>";
		};
		9824A6DF97E584A24DA4F34F /* Profile */ = {
			isa = PBXGroup;
			children = (
				0C09556DC67E480428C19D11 /* ProfileStore.swift */,
			);
			name = Profile;
			path = Profile;
			sourceTree = "<group>";
		};
		9F28206FAEF3B238B07E55EC /* Data */ = {
			isa = PBXGroup;
			children = (
				E0EAA93FD7CD9802592B73FA /* ConversationPreviewData.swift */,
				C2F212E6EB3EFE613A12BF21 /* ContactPreviewData.swift */,
			);
			path = Data;
			sourceTree = "<group>";
		};
		B1EEE824C219217C75F29061 /* Data */ = {
			isa = PBXGroup;
			children = (
				8DF296E5214CCEBFA8ABE939 /* MessagePreviewData.swift */,
			);
			path = Data;
			sourceTree = "<group>";
		};
		B7F33F1CEFEA5169702DB93D /* Conversations */ = {
			isa = PBXGroup;
			children = (
				F9141B55F86AA0496AB91944 /* Models */,
				9F28206FAEF3B238B07E55EC /* Data */,
				1DB89F235E7D007BEF9A6D7E /* Presentation */,
				5DAD1BA9E9AE5532069D387E /* Views */,
			);
			path = Conversations;
			sourceTree = "<group>";
		};
		BFBF3C2D03A9534B3FA12D2E /* VeyraTests */ = {
			isa = PBXGroup;
			children = (
				96D6F9076981087963B2FF89 /* AppMetadataTests.swift */,
				9BF8B6FD286458DDB74C22F1 /* AvatarInitialsTests.swift */,
				31A020A334F10D814DB2DC6C /* DesignTokenTests.swift */,
				6B4C091B2C571B56F0C49F39 /* ConversationListViewModelTests.swift */,
				2678BF2576CF692192367CA9 /* MessageTimelineViewModelTests.swift */,
				E4959CA35782AD866F12C222 /* NewConversationViewModelTests.swift */,
				498246899EA244F2F82A14F1 /* RepositoryTests.swift */,
				AF646664F27E3856206D966C /* SwiftDataConversationRepositoryTests.swift */,
				E812827318A22C6360199016 /* LoginViewModelTests.swift */,
				441519C505B18A6B80C92E7B /* RegistrationViewModelTests.swift */,
				518FAE9C5EAC0D5F6FA3C072 /* SessionStoreTests.swift */,
				3A02FA30EF6A1C531E680055 /* ProfileViewModelTests.swift */,
				E39EA489B16A28A2CA94C2CB /* SupabaseConfigurationTests.swift */,
				86669357F39C6F6B80BFB3CE /* AuthenticationCoordinatorTests.swift */,
			);
			path = VeyraTests;
			sourceTree = "<group>";
		};
		C6EF2562A069E5ABF7120BD0 /* Views */ = {
			isa = PBXGroup;
			children = (
				7F4875B03CC2A5078E3B2831 /* LoginView.swift */,
				126B3FF9F85A7890CF968383 /* RegistrationView.swift */,
				A1D4A58FBF3FD75D6CFB8D01 /* EmailConfirmationView.swift */,
			);
			name = Views;
			path = Views;
			sourceTree = "<group>";
		};
		C9B2B5790BD3B93BB1DBD5C6 /* Configuration */ = {
			isa = PBXGroup;
			children = (
				5819FAF79B8D19C6656AC295 /* Base.xcconfig */,
				B6CB6E0F746BFB96C7862450 /* Secrets.xcconfig.example */,
				F5B95E0AB67F2F623383C13E /* Info.plist */,
			);
			name = Configuration;
			path = Configuration;
			sourceTree = "<group>";
		};
		CD4A7C3978F85DD2937EF67D /* Supabase */ = {
			isa = PBXGroup;
			children = (
				9429A6F0A5F3BA4C90324820 /* SupabaseConfiguration.swift */,
				B56D78C652AAAB9D315E96DF /* SupabaseClientProvider.swift */,
				D2CE854CD6EA2E1365260700 /* SupabaseChatRepository.swift */,
			);
			name = Supabase;
			path = Supabase;
			sourceTree = "<group>";
		};
		CD51C17E867393530457834D = {
			isa = PBXGroup;
			children = (
				7D7EEB33674F43D0F024F961 /* Products */,
				811BA59D8FF84D460D03DF6D /* Frameworks */,
				EC94D5BA68BF5A79522EEAB5 /* Veyra */,
				BFBF3C2D03A9534B3FA12D2E /* VeyraTests */,
			);
			sourceTree = "<group>";
		};
		D0AD1E06E47C792CA10EF1FD /* Repositories */ = {
			isa = PBXGroup;
			children = (
				E0E79AFD1721697118A5B30F /* ConversationRepository.swift */,
				994EA17041AD6A2C9DAA0CC3 /* ContactRepository.swift */,
			);
			path = Repositories;
			sourceTree = "<group>";
		};
		D50FA23D7E52344B0DFD4339 /* Dependency */ = {
			isa = PBXGroup;
			children = (
				FF36A65784567611871F8863 /* AppDependencies.swift */,
			);
			path = Dependency;
			sourceTree = "<group>";
		};
		D62F192FE2C61BF9C279E612 /* Messages */ = {
			isa = PBXGroup;
			children = (
				0D313FE79FD841EB30849DC8 /* Models */,
				B1EEE824C219217C75F29061 /* Data */,
				23FFEE96E918F105EB053FED /* Presentation */,
				52F35888B0023302ABF8F350 /* Views */,
			);
			path = Messages;
			sourceTree = "<group>";
		};
		D7BA5F00FE6D5579086D0425 /* Authentication */ = {
			isa = PBXGroup;
			children = (
				472B3893225101D5C846BCE7 /* Presentation */,
				C6EF2562A069E5ABF7120BD0 /* Views */,
			);
			name = Authentication;
			path = Authentication;
			sourceTree = "<group>";
		};
		D7F6FA284BAA8FED8447B40D /* Session */ = {
			isa = PBXGroup;
			children = (
				B38DAB0E23CBA856810C467B /* SessionStore.swift */,
			);
			name = Session;
			path = Session;
			sourceTree = "<group>";
		};
		E1E80AD21D8F7C4B73BB4BB7 /* Profile */ = {
			isa = PBXGroup;
			children = (
				9376C378D0F533FA16874658 /* Views */,
				1B8448D1A22795F940FD4664 /* Models */,
				74D184FDBE681B2E017A91C1 /* Presentation */,
			);
			name = Profile;
			path = Profile;
			sourceTree = "<group>";
		};
		EC94D5BA68BF5A79522EEAB5 /* Veyra */ = {
			isa = PBXGroup;
			children = (
				EE202FB336242A4D8F791965 /* App */,
				443FA02DB0E706D8F1FD2D5C /* Core */,
				6577D3D2341D28983B36E493 /* Features */,
				C9B2B5790BD3B93BB1DBD5C6 /* Configuration */,
			);
			path = Veyra;
			sourceTree = "<group>";
		};
		EE202FB336242A4D8F791965 /* App */ = {
			isa = PBXGroup;
			children = (
				815CF3D51D8A2E92364C8777 /* VeyraApp.swift */,
				ED09F370FA57E9D2202E653F /* AppRootView.swift */,
				E810F31ADEB4011D2EC7D5EF /* AppRoute.swift */,
			);
			path = App;
			sourceTree = "<group>";
		};
		F9141B55F86AA0496AB91944 /* Models */ = {
			isa = PBXGroup;
			children = (
				5698CE11ECAE96D995835FCD /* Conversation.swift */,
				17D3DEB07FE517FDFC254469 /* Contact.swift */,
			);
			path = Models;
			sourceTree = "<group>";
		};
/* End PBXGroup section */

/* Begin PBXNativeTarget section */
		4E3EF17B9CD209A6C85A06E7 /* Veyra */ = {
			isa = PBXNativeTarget;
			buildConfigurationList = 75972A935FCAE0BA28FB1D1C /* Build configuration list for PBXNativeTarget "Veyra" */;
			buildPhases = (
				EC245147A020712CC58BB4FD /* Sources */,
				89CCDA253F7336279D643D9D /* Frameworks */,
				BDD87E4FD7A8481716CFA65D /* Resources */,
			);
			buildRules = (
			);
			dependencies = (
			);
			name = Veyra;
			packageProductDependencies = (
				884AE89A91B4CADAB1F7563C /* Supabase */,
			);
			productName = Veyra;
			productReference = 778776CB7DBCAB1C013FD617 /* Veyra.app */;
			productType = "com.apple.product-type.application";
		};
		F5E8822DC362A45307CC45A4 /* VeyraTests */ = {
			isa = PBXNativeTarget;
			buildConfigurationList = D5863D8129DF0091CABE6629 /* Build configuration list for PBXNativeTarget "VeyraTests" */;
			buildPhases = (
				561F313F666A7859EBE29558 /* Sources */,
				5290AD9E8F8BE9D53507F33E /* Frameworks */,
				70477D0DE10F5C329C2CBB07 /* Resources */,
			);
			buildRules = (
			);
			dependencies = (
				C93BB3ECC1FAAF3BF9A370A5 /* PBXTargetDependency */,
			);
			name = VeyraTests;
			productName = VeyraTests;
			productReference = E827789E667ED520D1F288BC /* VeyraTests.xctest */;
			productType = "com.apple.product-type.bundle.unit-test";
		};
/* End PBXNativeTarget section */

/* Begin PBXProject section */
		6419DCF7C0E045DA70CAFBE4 /* Project object */ = {
			isa = PBXProject;
			attributes = {
				LastSwiftUpdateCheck = 1600;
				LastUpgradeCheck = 1600;
				TargetAttributes = {
					4E3EF17B9CD209A6C85A06E7 = {
						DevelopmentTeam = LMTRNCP347;
						ProvisioningStyle = Automatic;
					};
					F5E8822DC362A45307CC45A4 = {
						ProvisioningStyle = Automatic;
					};
				};
			};
			buildConfigurationList = 0FB2225C37F3758BE7B03ABD /* Build configuration list for PBXProject "Veyra" */;
			compatibilityVersion = "Xcode 3.2";
			developmentRegion = en;
			hasScannedForEncodings = 0;
			knownRegions = (
				en,
				Base,
			);
			mainGroup = CD51C17E867393530457834D;
			packageReferences = (
				56DCD800BB6344D687F6B05F /* XCRemoteSwiftPackageReference "supabase-swift" */,
			);
			productRefGroup = 7D7EEB33674F43D0F024F961 /* Products */;
			projectDirPath = "";
			projectRoot = "";
			targets = (
				4E3EF17B9CD209A6C85A06E7 /* Veyra */,
				F5E8822DC362A45307CC45A4 /* VeyraTests */,
			);
		};
/* End PBXProject section */

/* Begin PBXResourcesBuildPhase section */
		70477D0DE10F5C329C2CBB07 /* Resources */ = {
			isa = PBXResourcesBuildPhase;
			buildActionMask = 2147483647;
			files = (
			);
			runOnlyForDeploymentPostprocessing = 0;
		};
		BDD87E4FD7A8481716CFA65D /* Resources */ = {
			isa = PBXResourcesBuildPhase;
			buildActionMask = 2147483647;
			files = (
			);
			runOnlyForDeploymentPostprocessing = 0;
		};
/* End PBXResourcesBuildPhase section */

/* Begin PBXSourcesBuildPhase section */
		561F313F666A7859EBE29558 /* Sources */ = {
			isa = PBXSourcesBuildPhase;
			buildActionMask = 2147483647;
			files = (
				E03D522D231932CB9A16CA75 /* AppMetadataTests.swift in Sources */,
				95DD681F3B9F64C813E31A9F /* AvatarInitialsTests.swift in Sources */,
				4E5BB1BAF90877B31BAE4F22 /* DesignTokenTests.swift in Sources */,
				5668E2E56D89B2AD327ECC23 /* ConversationListViewModelTests.swift in Sources */,
				62CE91E35271A60A88FF310F /* MessageTimelineViewModelTests.swift in Sources */,
				E5340791E020E8DF098FD36E /* NewConversationViewModelTests.swift in Sources */,
				4EAC419DBDE02E852844EE82 /* RepositoryTests.swift in Sources */,
				14497BE77041C7B0A71FA6A0 /* SwiftDataConversationRepositoryTests.swift in Sources */,
				93D497AFF6DB00982DB6A4C2 /* LoginViewModelTests.swift in Sources */,
				21E1D7AA0375B9CEF432EE59 /* RegistrationViewModelTests.swift in Sources */,
				872F01C95182FD43EEC53CF6 /* SessionStoreTests.swift in Sources */,
				0FA5037A60995702755BBC6B /* ProfileViewModelTests.swift in Sources */,
				87499B69C8C6BF7F58AC16F6 /* SupabaseConfigurationTests.swift in Sources */,
				F7F2A320BA5A1076DF7F28C3 /* AuthenticationCoordinatorTests.swift in Sources */,
			);
			runOnlyForDeploymentPostprocessing = 0;
		};
		EC245147A020712CC58BB4FD /* Sources */ = {
			isa = PBXSourcesBuildPhase;
			buildActionMask = 2147483647;
			files = (
				AFA0D0231FA487557A3ACFBA /* VeyraApp.swift in Sources */,
				60CDAF65F1178A5709B81BE3 /* AppRootView.swift in Sources */,
				7C9F715FB5E1C3D678BC47B9 /* AppMetadata.swift in Sources */,
				A3F57AB2EFBDC14540CD7DE7 /* VeyraColor.swift in Sources */,
				FC691B76552D331E00398DE3 /* VeyraSpacing.swift in Sources */,
				43ACD9B7B96AD843FE8E4420 /* VeyraRadius.swift in Sources */,
				C4F01BA4C1FC96FCE3BC3D1D /* VeyraTypography.swift in Sources */,
				CEEA022B7E5F677BA3E64917 /* VeyraAvatar.swift in Sources */,
				9B311E6D5BCF803CF646E063 /* VeyraPrimaryButton.swift in Sources */,
				782AB63FFF1CF012CCBE15D9 /* VeyraTextField.swift in Sources */,
				0338B32735B6527A4987F2B0 /* DesignSystemCatalogView.swift in Sources */,
				0C7B4565867628A8A7E73B6E /* Conversation.swift in Sources */,
				6E7B76D4486B46ECED541380 /* ConversationPreviewData.swift in Sources */,
				12C821102DA87163D75754D4 /* ConversationListViewModel.swift in Sources */,
				EE0E18835536CBB582D465AC /* ConversationListView.swift in Sources */,
				734597C19877BA0641165DB5 /* ConversationRowView.swift in Sources */,
				2F5A1E8DC77B696C08789C3F /* AppRoute.swift in Sources */,
				95A91251246566BEA392862D /* Message.swift in Sources */,
				44755A60DDB5415B6345E48C /* MessagePreviewData.swift in Sources */,
				462039CDAE80A4380ECB29CE /* MessageTimelineViewModel.swift in Sources */,
				76FC6800A2D4B7B8493ACFC2 /* MessageBubbleView.swift in Sources */,
				7423C1C01A34B0930A69B35C /* MessageComposerView.swift in Sources */,
				6DBD723058510BC9DFED81AC /* MessageTimelineView.swift in Sources */,
				1C05F92851F0DF88FF1FD371 /* Contact.swift in Sources */,
				EEEDC5B85B970CF0A097194F /* ContactPreviewData.swift in Sources */,
				48740A8D240138CA83CFE28C /* NewConversationViewModel.swift in Sources */,
				1A05F76268540B8DBBDF8D9B /* NewConversationView.swift in Sources */,
				A9132EAC30465364009C03A6 /* GlassBackground.swift in Sources */,
				3C20A3D616AFF95F6F424150 /* ConversationRepository.swift in Sources */,
				7B51BB037BE5D99F3698FF44 /* ContactRepository.swift in Sources */,
				8CD8A037A2DD7E127629FE32 /* AppDependencies.swift in Sources */,
				861B06509E4A9B740264E765 /* ConversationRecord.swift in Sources */,
				7C0D872ADBC557FB5919A320 /* SwiftDataConversationRepository.swift in Sources */,
				308E1B8940EC5869C03CF983 /* LoginViewModel.swift in Sources */,
				0D96BD4C565FD57122AF6B01 /* LoginView.swift in Sources */,
				D5DDC42F3766A986FB03DADB /* RegistrationViewModel.swift in Sources */,
				59051956F4A255E8134149B4 /* RegistrationView.swift in Sources */,
				23FCEECB26B15CE7739308A0 /* SessionStore.swift in Sources */,
				0A8C9578FA36AC88C1A6D205 /* ProfileView.swift in Sources */,
				F9133D4385FE6D55603C3DFB /* UserProfile.swift in Sources */,
				DE4360550F651CFC339409DA /* ProfileViewModel.swift in Sources */,
				148683245215D266B1F69398 /* PersonalDetailsView.swift in Sources */,
				1AA8567C7E0EC69A7D58B631 /* ProfileStore.swift in Sources */,
				88D05E71B0F456BA216AA73A /* SupabaseConfiguration.swift in Sources */,
				BD796388BDA24BD3035EFBCE /* SupabaseClientProvider.swift in Sources */,
				B357F0C51503990DB506D527 /* AuthenticationService.swift in Sources */,
				475F1FB2211E48F55A1A51E6 /* AuthenticationCoordinator.swift in Sources */,
				77843A999695668DF91E5BE9 /* EmailConfirmationView.swift in Sources */,
				22DF7CAC4857A4E841AF5D26 /* SupabaseChatRepository.swift in Sources */,
			);
			runOnlyForDeploymentPostprocessing = 0;
		};
/* End PBXSourcesBuildPhase section */

/* Begin PBXTargetDependency section */
		C93BB3ECC1FAAF3BF9A370A5 /* PBXTargetDependency */ = {
			isa = PBXTargetDependency;
			name = Veyra;
			target = 4E3EF17B9CD209A6C85A06E7 /* Veyra */;
			targetProxy = B1FE46AD395E87E10AF0339D /* PBXContainerItemProxy */;
		};
/* End PBXTargetDependency section */

/* Begin XCBuildConfiguration section */
		23A5B2107B3AAF496E82C9F1 /* Debug */ = {
			isa = XCBuildConfiguration;
			buildSettings = {
				BUNDLE_LOADER = "$(TEST_HOST)";
				CLANG_ENABLE_OBJC_WEAK = NO;
				CODE_SIGN_STYLE = Automatic;
				GENERATE_INFOPLIST_FILE = YES;
				IPHONEOS_DEPLOYMENT_TARGET = 17.0;
				PRODUCT_BUNDLE_IDENTIFIER = com.maurojuliano.veyra.tests;
				PRODUCT_NAME = "$(TARGET_NAME)";
				SDKROOT = iphoneos;
				SWIFT_STRICT_CONCURRENCY = complete;
				TARGETED_DEVICE_FAMILY = "1,2";
				TEST_HOST = "$(BUILT_PRODUCTS_DIR)/Veyra.app/$(BUNDLE_EXECUTABLE_FOLDER_PATH)/Veyra";
			};
			name = Debug;
		};
		383D310DC62C9A782DD78051 /* Debug */ = {
			isa = XCBuildConfiguration;
			buildSettings = {
				ALWAYS_SEARCH_USER_PATHS = NO;
				CLANG_ANALYZER_NONNULL = YES;
				CLANG_ANALYZER_NUMBER_OBJECT_CONVERSION = YES_AGGRESSIVE;
				CLANG_CXX_LANGUAGE_STANDARD = "gnu++14";
				CLANG_CXX_LIBRARY = "libc++";
				CLANG_ENABLE_MODULES = YES;
				CLANG_ENABLE_OBJC_ARC = YES;
				CLANG_ENABLE_OBJC_WEAK = YES;
				CLANG_WARN_BLOCK_CAPTURE_AUTORELEASING = YES;
				CLANG_WARN_BOOL_CONVERSION = YES;
				CLANG_WARN_COMMA = YES;
				CLANG_WARN_CONSTANT_CONVERSION = YES;
				CLANG_WARN_DEPRECATED_OBJC_IMPLEMENTATIONS = YES;
				CLANG_WARN_DIRECT_OBJC_ISA_USAGE = YES_ERROR;
				CLANG_WARN_DOCUMENTATION_COMMENTS = YES;
				CLANG_WARN_EMPTY_BODY = YES;
				CLANG_WARN_ENUM_CONVERSION = YES;
				CLANG_WARN_INFINITE_RECURSION = YES;
				CLANG_WARN_INT_CONVERSION = YES;
				CLANG_WARN_NON_LITERAL_NULL_CONVERSION = YES;
				CLANG_WARN_OBJC_IMPLICIT_RETAIN_SELF = YES;
				CLANG_WARN_OBJC_LITERAL_CONVERSION = YES;
				CLANG_WARN_OBJC_ROOT_CLASS = YES_ERROR;
				CLANG_WARN_QUOTED_INCLUDE_IN_FRAMEWORK_HEADER = YES;
				CLANG_WARN_RANGE_LOOP_ANALYSIS = YES;
				CLANG_WARN_STRICT_PROTOTYPES = YES;
				CLANG_WARN_SUSPICIOUS_MOVE = YES;
				CLANG_WARN_UNGUARDED_AVAILABILITY = YES_AGGRESSIVE;
				CLANG_WARN_UNREACHABLE_CODE = YES;
				CLANG_WARN__DUPLICATE_METHOD_MATCH = YES;
				COPY_PHASE_STRIP = NO;
				DEBUG_INFORMATION_FORMAT = dwarf;
				ENABLE_STRICT_OBJC_MSGSEND = YES;
				ENABLE_TESTABILITY = YES;
				GCC_C_LANGUAGE_STANDARD = gnu11;
				GCC_DYNAMIC_NO_PIC = NO;
				GCC_NO_COMMON_BLOCKS = YES;
				GCC_OPTIMIZATION_LEVEL = 0;
				GCC_PREPROCESSOR_DEFINITIONS = (
					"DEBUG=1",
					"$(inherited)",
				);
				GCC_WARN_64_TO_32_BIT_CONVERSION = YES;
				GCC_WARN_ABOUT_RETURN_TYPE = YES_ERROR;
				GCC_WARN_UNDECLARED_SELECTOR = YES;
				GCC_WARN_UNINITIALIZED_AUTOS = YES_AGGRESSIVE;
				GCC_WARN_UNUSED_FUNCTION = YES;
				GCC_WARN_UNUSED_VARIABLE = YES;
				MTL_ENABLE_DEBUG_INFO = INCLUDE_SOURCE;
				MTL_FAST_MATH = YES;
				ONLY_ACTIVE_ARCH = YES;
				PRODUCT_NAME = "$(TARGET_NAME)";
				SWIFT_ACTIVE_COMPILATION_CONDITIONS = DEBUG;
				SWIFT_OPTIMIZATION_LEVEL = "-Onone";
				SWIFT_VERSION = 6.0;
			};
			name = Debug;
		};
		9A1311F21D43F1EA25C82F44 /* Release */ = {
			isa = XCBuildConfiguration;
			baseConfigurationReference = 5819FAF79B8D19C6656AC295 /* Base.xcconfig */;
			buildSettings = {
				ASSETCATALOG_COMPILER_APPICON_NAME = AppIcon;
				ASSETCATALOG_COMPILER_GLOBAL_ACCENT_COLOR_NAME = AccentColor;
				CLANG_ENABLE_OBJC_WEAK = NO;
				CODE_SIGN_STYLE = Automatic;
				CURRENT_PROJECT_VERSION = 1;
				DEVELOPMENT_ASSET_PATHS = "";
				DEVELOPMENT_TEAM = LMTRNCP347;
				GENERATE_INFOPLIST_FILE = YES;
				INFOPLIST_FILE = Veyra/Configuration/Info.plist;
				INFOPLIST_KEY_SupabasePublishableKey = "$(SUPABASE_PUBLISHABLE_KEY)";
				INFOPLIST_KEY_SupabaseURL = "$(SUPABASE_URL)";
				INFOPLIST_KEY_UIApplicationSceneManifest_Generation = YES;
				INFOPLIST_KEY_UIApplicationSupportsIndirectInputEvents = YES;
				INFOPLIST_KEY_UILaunchScreen_Generation = YES;
				IPHONEOS_DEPLOYMENT_TARGET = 17.0;
				LD_RUNPATH_SEARCH_PATHS = "$(inherited) @executable_path/Frameworks";
				MARKETING_VERSION = 1.0;
				PRODUCT_BUNDLE_IDENTIFIER = com.maurojuliano.veyra;
				PRODUCT_NAME = "$(TARGET_NAME)";
				SDKROOT = iphoneos;
				SWIFT_EMIT_LOC_STRINGS = YES;
				SWIFT_STRICT_CONCURRENCY = complete;
				TARGETED_DEVICE_FAMILY = "1,2";
				VALIDATE_PRODUCT = YES;
			};
			name = Release;
		};
		9EBE54379422C580501F9960 /* Debug */ = {
			isa = XCBuildConfiguration;
			baseConfigurationReference = 5819FAF79B8D19C6656AC295 /* Base.xcconfig */;
			buildSettings = {
				ASSETCATALOG_COMPILER_APPICON_NAME = AppIcon;
				ASSETCATALOG_COMPILER_GLOBAL_ACCENT_COLOR_NAME = AccentColor;
				CLANG_ENABLE_OBJC_WEAK = NO;
				CODE_SIGN_STYLE = Automatic;
				CURRENT_PROJECT_VERSION = 1;
				DEVELOPMENT_ASSET_PATHS = "";
				DEVELOPMENT_TEAM = LMTRNCP347;
				GENERATE_INFOPLIST_FILE = YES;
				INFOPLIST_FILE = Veyra/Configuration/Info.plist;
				INFOPLIST_KEY_SupabasePublishableKey = "$(SUPABASE_PUBLISHABLE_KEY)";
				INFOPLIST_KEY_SupabaseURL = "$(SUPABASE_URL)";
				INFOPLIST_KEY_UIApplicationSceneManifest_Generation = YES;
				INFOPLIST_KEY_UIApplicationSupportsIndirectInputEvents = YES;
				INFOPLIST_KEY_UILaunchScreen_Generation = YES;
				IPHONEOS_DEPLOYMENT_TARGET = 17.0;
				LD_RUNPATH_SEARCH_PATHS = "$(inherited) @executable_path/Frameworks";
				MARKETING_VERSION = 1.0;
				PRODUCT_BUNDLE_IDENTIFIER = com.maurojuliano.veyra;
				PRODUCT_NAME = "$(TARGET_NAME)";
				SDKROOT = iphoneos;
				SWIFT_EMIT_LOC_STRINGS = YES;
				SWIFT_STRICT_CONCURRENCY = complete;
				TARGETED_DEVICE_FAMILY = "1,2";
			};
			name = Debug;
		};
		D3FC70538F5B033357CF2B28 /* Release */ = {
			isa = XCBuildConfiguration;
			buildSettings = {
				ALWAYS_SEARCH_USER_PATHS = NO;
				CLANG_ANALYZER_NONNULL = YES;
				CLANG_ANALYZER_NUMBER_OBJECT_CONVERSION = YES_AGGRESSIVE;
				CLANG_CXX_LANGUAGE_STANDARD = "gnu++14";
				CLANG_CXX_LIBRARY = "libc++";
				CLANG_ENABLE_MODULES = YES;
				CLANG_ENABLE_OBJC_ARC = YES;
				CLANG_ENABLE_OBJC_WEAK = YES;
				CLANG_WARN_BLOCK_CAPTURE_AUTORELEASING = YES;
				CLANG_WARN_BOOL_CONVERSION = YES;
				CLANG_WARN_COMMA = YES;
				CLANG_WARN_CONSTANT_CONVERSION = YES;
				CLANG_WARN_DEPRECATED_OBJC_IMPLEMENTATIONS = YES;
				CLANG_WARN_DIRECT_OBJC_ISA_USAGE = YES_ERROR;
				CLANG_WARN_DOCUMENTATION_COMMENTS = YES;
				CLANG_WARN_EMPTY_BODY = YES;
				CLANG_WARN_ENUM_CONVERSION = YES;
				CLANG_WARN_INFINITE_RECURSION = YES;
				CLANG_WARN_INT_CONVERSION = YES;
				CLANG_WARN_NON_LITERAL_NULL_CONVERSION = YES;
				CLANG_WARN_OBJC_IMPLICIT_RETAIN_SELF = YES;
				CLANG_WARN_OBJC_LITERAL_CONVERSION = YES;
				CLANG_WARN_OBJC_ROOT_CLASS = YES_ERROR;
				CLANG_WARN_QUOTED_INCLUDE_IN_FRAMEWORK_HEADER = YES;
				CLANG_WARN_RANGE_LOOP_ANALYSIS = YES;
				CLANG_WARN_STRICT_PROTOTYPES = YES;
				CLANG_WARN_SUSPICIOUS_MOVE = YES;
				CLANG_WARN_UNGUARDED_AVAILABILITY = YES_AGGRESSIVE;
				CLANG_WARN_UNREACHABLE_CODE = YES;
				CLANG_WARN__DUPLICATE_METHOD_MATCH = YES;
				COPY_PHASE_STRIP = NO;
				DEBUG_INFORMATION_FORMAT = "dwarf-with-dsym";
				ENABLE_NS_ASSERTIONS = NO;
				ENABLE_STRICT_OBJC_MSGSEND = YES;
				GCC_C_LANGUAGE_STANDARD = gnu11;
				GCC_NO_COMMON_BLOCKS = YES;
				GCC_WARN_64_TO_32_BIT_CONVERSION = YES;
				GCC_WARN_ABOUT_RETURN_TYPE = YES_ERROR;
				GCC_WARN_UNDECLARED_SELECTOR = YES;
				GCC_WARN_UNINITIALIZED_AUTOS = YES_AGGRESSIVE;
				GCC_WARN_UNUSED_FUNCTION = YES;
				GCC_WARN_UNUSED_VARIABLE = YES;
				MTL_ENABLE_DEBUG_INFO = NO;
				MTL_FAST_MATH = YES;
				PRODUCT_NAME = "$(TARGET_NAME)";
				SWIFT_OPTIMIZATION_LEVEL = "-Owholemodule";
				SWIFT_VERSION = 6.0;
			};
			name = Release;
		};
		D9A3CF3F110F126BE5603B60 /* Release */ = {
			isa = XCBuildConfiguration;
			buildSettings = {
				BUNDLE_LOADER = "$(TEST_HOST)";
				CLANG_ENABLE_OBJC_WEAK = NO;
				CODE_SIGN_STYLE = Automatic;
				GENERATE_INFOPLIST_FILE = YES;
				IPHONEOS_DEPLOYMENT_TARGET = 17.0;
				PRODUCT_BUNDLE_IDENTIFIER = com.maurojuliano.veyra.tests;
				PRODUCT_NAME = "$(TARGET_NAME)";
				SDKROOT = iphoneos;
				SWIFT_STRICT_CONCURRENCY = complete;
				TARGETED_DEVICE_FAMILY = "1,2";
				TEST_HOST = "$(BUILT_PRODUCTS_DIR)/Veyra.app/$(BUNDLE_EXECUTABLE_FOLDER_PATH)/Veyra";
				VALIDATE_PRODUCT = YES;
			};
			name = Release;
		};
/* End XCBuildConfiguration section */

/* Begin XCConfigurationList section */
		0FB2225C37F3758BE7B03ABD /* Build configuration list for PBXProject "Veyra" */ = {
			isa = XCConfigurationList;
			buildConfigurations = (
				383D310DC62C9A782DD78051 /* Debug */,
				D3FC70538F5B033357CF2B28 /* Release */,
			);
			defaultConfigurationIsVisible = 0;
			defaultConfigurationName = Release;
		};
		75972A935FCAE0BA28FB1D1C /* Build configuration list for PBXNativeTarget "Veyra" */ = {
			isa = XCConfigurationList;
			buildConfigurations = (
				9A1311F21D43F1EA25C82F44 /* Release */,
				9EBE54379422C580501F9960 /* Debug */,
			);
			defaultConfigurationIsVisible = 0;
			defaultConfigurationName = Release;
		};
		D5863D8129DF0091CABE6629 /* Build configuration list for PBXNativeTarget "VeyraTests" */ = {
			isa = XCConfigurationList;
			buildConfigurations = (
				D9A3CF3F110F126BE5603B60 /* Release */,
				23A5B2107B3AAF496E82C9F1 /* Debug */,
			);
			defaultConfigurationIsVisible = 0;
			defaultConfigurationName = Release;
		};
/* End XCConfigurationList section */

/* Begin XCRemoteSwiftPackageReference section */
		56DCD800BB6344D687F6B05F /* XCRemoteSwiftPackageReference "supabase-swift" */ = {
			isa = XCRemoteSwiftPackageReference;
			repositoryURL = "https://github.com/supabase/supabase-swift.git";
			requirement = {
				kind = upToNextMajorVersion;
				minimumVersion = 2.0.0;
			};
		};
/* End XCRemoteSwiftPackageReference section */

/* Begin XCSwiftPackageProductDependency section */
		884AE89A91B4CADAB1F7563C /* Supabase */ = {
			isa = XCSwiftPackageProductDependency;
			package = 56DCD800BB6344D687F6B05F /* XCRemoteSwiftPackageReference "supabase-swift" */;
			productName = Supabase;
		};
/* End XCSwiftPackageProductDependency section */
	};
	rootObject = 6419DCF7C0E045DA70CAFBE4 /* Project object */;
}
